
Microsoft Visual Studio Solution File, Format Version 12.00
# Visual Studio 15
VisualStudioVersion = 15.0.27703.2047
MinimumVisualStudioVersion = 10.0.40219.1
Project("{FAE04EC0-301F-11D3-BF4B-00C04F79EFBC}") = "Communicator.Android", "Communicator\Communicator.Android\Communicator.Android.csproj", "{F71E9552-EEDC-450E-9E95-A38F4044FD15}"
EndProject
Project("{FAE04EC0-301F-11D3-BF4B-00C04F79EFBC}") = "Communicator.iOS", "Communicator\Communicator.iOS\Communicator.iOS.csproj", "{44F1F51E-02D2-4206-A518-67EF01E94949}"
EndProject
Project("{9A19103F-16F7-4668-BE54-9A1E7A4F7556}") = "Communicator", "Communicator\Communicator\Communicator.csproj", "{6F7A4AF6-0B22-49ED-A3AB-0C1BC1382212}"
EndProject
Project("{2150E333-8FDC-42A3-9474-1A3956D46DE8}") = "MobCAT", "MobCAT", "{39897446-013B-42A3-88D5-4B2FD02251FE}"
EndProject
Project("{2150E333-8FDC-42A3-9474-1A3956D46DE8}") = "MobCAT.Forms", "MobCAT.Forms", "{1C180F22-771B-4B52-AEBA-F0951E559D40}"
EndProject
Project("{D954291E-2A0B-460D-934E-DC6B0785DB48}") = "MobCAT", "..\..\mobcat_shared\MobCAT\MobCAT.shproj", "{843D62CA-BA8E-4949-B5C1-924837565EA8}"
EndProject
Project("{FAE04EC0-301F-11D3-BF4B-00C04F79EFBC}") = "MobCAT.Android", "..\..\mobcat_shared\MobCAT.Android\MobCAT.Android.csproj", "{BA298720-E85D-4F1B-81C0-DA8B5B024555}"
EndProject
Project("{FAE04EC0-301F-11D3-BF4B-00C04F79EFBC}") = "MobCAT.iOS", "..\..\mobcat_shared\MobCAT.iOS\MobCAT.iOS.csproj", "{50857753-7921-4573-A414-2854F797B6B0}"
EndProject
Project("{D954291E-2A0B-460D-934E-DC6B0785DB48}") = "MobCAT.Forms", "..\..\mobcat_shared\MobCAT.Forms\MobCAT.Forms.shproj", "{2536D280-1746-4EC5-AEA8-AE9D2817049C}"
EndProject
Project("{FAE04EC0-301F-11D3-BF4B-00C04F79EFBC}") = "MobCAT.Forms.iOS", "..\..\mobcat_shared\MobCAT.Forms.iOS\MobCAT.Forms.iOS.csproj", "{BBF1EDBF-20D2-4F1D-971B-CF5BA34B5E76}"
EndProject
Project("{FAE04EC0-301F-11D3-BF4B-00C04F79EFBC}") = "MobCAT.Forms.Android", "..\..\mobcat_shared\MobCAT.Forms.Android\MobCAT.Forms.Android.csproj", "{90117B97-BC6D-4B40-814C-0AF34C3DB7E5}"
EndProject
Global
	GlobalSection(SharedMSBuildProjectFiles) = preSolution
		..\..\mobcat_shared\MobCAT.Forms\MobCAT.Forms.projitems*{2536d280-1746-4ec5-aea8-ae9d2817049c}*SharedItemsImports = 13
		..\..\mobcat_shared\MobCAT\MobCAT.projitems*{50857753-7921-4573-a414-2854f797b6b0}*SharedItemsImports = 4
		..\..\mobcat_shared\MobCAT\MobCAT.projitems*{843d62ca-ba8e-4949-b5c1-924837565ea8}*SharedItemsImports = 13
		..\..\mobcat_shared\MobCAT.Forms\MobCAT.Forms.projitems*{90117b97-bc6d-4b40-814c-0af34c3db7e5}*SharedItemsImports = 4
		..\..\mobcat_shared\MobCAT\MobCAT.projitems*{ba298720-e85d-4f1b-81c0-da8b5b024555}*SharedItemsImports = 4
		..\..\mobcat_shared\MobCAT.Forms\MobCAT.Forms.projitems*{bbf1edbf-20d2-4f1d-971b-cf5ba34b5e76}*SharedItemsImports = 4
	EndGlobalSection
	GlobalSection(SolutionConfigurationPlatforms) = preSolution
		Ad-Hoc|Any CPU = Ad-Hoc|Any CPU
		Ad-Hoc|ARM = Ad-Hoc|ARM
		Ad-Hoc|iPhone = Ad-Hoc|iPhone
		Ad-Hoc|iPhoneSimulator = Ad-Hoc|iPhoneSimulator
		Ad-Hoc|x64 = Ad-Hoc|x64
		Ad-Hoc|x86 = Ad-Hoc|x86
		AppStore|Any CPU = AppStore|Any CPU
		AppStore|ARM = AppStore|ARM
		AppStore|iPhone = AppStore|iPhone
		AppStore|iPhoneSimulator = AppStore|iPhoneSimulator
		AppStore|x64 = AppStore|x64
		AppStore|x86 = AppStore|x86
		Debug|Any CPU = Debug|Any CPU
		Debug|ARM = Debug|ARM
		Debug|iPhone = Debug|iPhone
		Debug|iPhoneSimulator = Debug|iPhoneSimulator
		Debug|x64 = Debug|x64
		Debug|x86 = Debug|x86
		Release|Any CPU = Release|Any CPU
		Release|ARM = Release|ARM
		Release|iPhone = Release|iPhone
		Release|iPhoneSimulator = Release|iPhoneSimulator
		Release|x64 = Release|x64
		Release|x86 = Release|x86
	EndGlobalSection
	GlobalSection(ProjectConfigurationPlatforms) = postSolution
		{F71E9552-EEDC-450E-9E95-A38F4044FD15}.Ad-Hoc|Any CPU.ActiveCfg = Release|Any CPU
		{F71E9552-EEDC-450E-9E95-A38F4044FD15}.Ad-Hoc|Any CPU.Build.0 = Release|Any CPU
		{F71E9552-EEDC-450E-9E95-A38F4044FD15}.Ad-Hoc|Any CPU.Deploy.0 = Release|Any CPU
		{F71E9552-EEDC-450E-9E95-A38F4044FD15}.Ad-Hoc|ARM.ActiveCfg = Release|Any CPU
		{F71E9552-EEDC-450E-9E95-A38F4044FD15}.Ad-Hoc|ARM.Build.0 = Release|Any CPU
		{F71E9552-EEDC-450E-9E95-A38F4044FD15}.Ad-Hoc|ARM.Deploy.0 = Release|Any CPU
		{F71E9552-EEDC-450E-9E95-A38F4044FD15}.Ad-Hoc|iPhone.ActiveCfg = Release|Any CPU
		{F71E9552-EEDC-450E-9E95-A38F4044FD15}.Ad-Hoc|iPhone.Build.0 = Release|Any CPU
		{F71E9552-EEDC-450E-9E95-A38F4044FD15}.Ad-Hoc|iPhone.Deploy.0 = Release|Any CPU
		{F71E9552-EEDC-450E-9E95-A38F4044FD15}.Ad-Hoc|iPhoneSimulator.ActiveCfg = Release|Any CPU
		{F71E9552-EEDC-450E-9E95-A38F4044FD15}.Ad-Hoc|iPhoneSimulator.Build.0 = Release|Any CPU
		{F71E9552-EEDC-450E-9E95-A38F4044FD15}.Ad-Hoc|iPhoneSimulator.Deploy.0 = Release|Any CPU
		{F71E9552-EEDC-450E-9E95-A38F4044FD15}.Ad-Hoc|x64.ActiveCfg = Release|Any CPU
		{F71E9552-EEDC-450E-9E95-A38F4044FD15}.Ad-Hoc|x64.Build.0 = Release|Any CPU
		{F71E9552-EEDC-450E-9E95-A38F4044FD15}.Ad-Hoc|x64.Deploy.0 = Release|Any CPU
		{F71E9552-EEDC-450E-9E95-A38F4044FD15}.Ad-Hoc|x86.ActiveCfg = Release|Any CPU
		{F71E9552-EEDC-450E-9E95-A38F4044FD15}.Ad-Hoc|x86.Build.0 = Release|Any CPU
		{F71E9552-EEDC-450E-9E95-A38F4044FD15}.Ad-Hoc|x86.Deploy.0 = Release|Any CPU
		{F71E9552-EEDC-450E-9E95-A38F4044FD15}.AppStore|Any CPU.ActiveCfg = Release|Any CPU
		{F71E9552-EEDC-450E-9E95-A38F4044FD15}.AppStore|Any CPU.Build.0 = Release|Any CPU
		{F71E9552-EEDC-450E-9E95-A38F4044FD15}.AppStore|Any CPU.Deploy.0 = Release|Any CPU
		{F71E9552-EEDC-450E-9E95-A38F4044FD15}.AppStore|ARM.ActiveCfg = Release|Any CPU
		{F71E9552-EEDC-450E-9E95-A38F4044FD15}.AppStore|ARM.Build.0 = Release|Any CPU
		{F71E9552-EEDC-450E-9E95-A38F4044FD15}.AppStore|ARM.Deploy.0 = Release|Any CPU
		{F71E9552-EEDC-450E-9E95-A38F4044FD15}.AppStore|iPhone.ActiveCfg = Release|Any CPU
		{F71E9552-EEDC-450E-9E95-A38F4044FD15}.AppStore|iPhone.Build.0 = Release|Any CPU
		{F71E9552-EEDC-450E-9E95-A38F4044FD15}.AppStore|iPhone.Deploy.0 = Release|Any CPU
		{F71E9552-EEDC-450E-9E95-A38F4044FD15}.AppStore|iPhoneSimulator.ActiveCfg = Release|Any CPU
		{F71E9552-EEDC-450E-9E95-A38F4044FD15}.AppStore|iPhoneSimulator.Build.0 = Release|Any CPU
		{F71E9552-EEDC-450E-9E95-A38F4044FD15}.AppStore|iPhoneSimulator.Deploy.0 = Release|Any CPU
		{F71E9552-EEDC-450E-9E95-A38F4044FD15}.AppStore|x64.ActiveCfg = Release|Any CPU
		{F71E9552-EEDC-450E-9E95-A38F4044FD15}.AppStore|x64.Build.0 = Release|Any CPU
		{F71E9552-EEDC-450E-9E95-A38F4044FD15}.AppStore|x64.Deploy.0 = Release|Any CPU
		{F71E9552-EEDC-450E-9E95-A38F4044FD15}.AppStore|x86.ActiveCfg = Release|Any CPU
		{F71E9552-EEDC-450E-9E95-A38F4044FD15}.AppStore|x86.Build.0 = Release|Any CPU
		{F71E9552-EEDC-450E-9E95-A38F4044FD15}.AppStore|x86.Deploy.0 = Release|Any CPU
		{F71E9552-EEDC-450E-9E95-A38F4044FD15}.Debug|Any CPU.ActiveCfg = Debug|Any CPU
		{F71E9552-EEDC-450E-9E95-A38F4044FD15}.Debug|Any CPU.Build.0 = Debug|Any CPU
		{F71E9552-EEDC-450E-9E95-A38F4044FD15}.Debug|Any CPU.Deploy.0 = Debug|Any CPU
		{F71E9552-EEDC-450E-9E95-A38F4044FD15}.Debug|ARM.ActiveCfg = Debug|Any CPU
		{F71E9552-EEDC-450E-9E95-A38F4044FD15}.Debug|ARM.Build.0 = Debug|Any CPU
		{F71E9552-EEDC-450E-9E95-A38F4044FD15}.Debug|ARM.Deploy.0 = Debug|Any CPU
		{F71E9552-EEDC-450E-9E95-A38F4044FD15}.Debug|iPhone.ActiveCfg = Debug|Any CPU
		{F71E9552-EEDC-450E-9E95-A38F4044FD15}.Debug|iPhone.Build.0 = Debug|Any CPU
		{F71E9552-EEDC-450E-9E95-A38F4044FD15}.Debug|iPhone.Deploy.0 = Debug|Any CPU
		{F71E9552-EEDC-450E-9E95-A38F4044FD15}.Debug|iPhoneSimulator.ActiveCfg = Debug|Any CPU
		{F71E9552-EEDC-450E-9E95-A38F4044FD15}.Debug|iPhoneSimulator.Build.0 = Debug|Any CPU
		{F71E9552-EEDC-450E-9E95-A38F4044FD15}.Debug|iPhoneSimulator.Deploy.0 = Debug|Any CPU
		{F71E9552-EEDC-450E-9E95-A38F4044FD15}.Debug|x64.ActiveCfg = Debug|Any CPU
		{F71E9552-EEDC-450E-9E95-A38F4044FD15}.Debug|x64.Build.0 = Debug|Any CPU
		{F71E9552-EEDC-450E-9E95-A38F4044FD15}.Debug|x64.Deploy.0 = Debug|Any CPU
		{F71E9552-EEDC-450E-9E95-A38F4044FD15}.Debug|x86.ActiveCfg = Debug|Any CPU
		{F71E9552-EEDC-450E-9E95-A38F4044FD15}.Debug|x86.Build.0 = Debug|Any CPU
		{F71E9552-EEDC-450E-9E95-A38F4044FD15}.Debug|x86.Deploy.0 = Debug|Any CPU
		{F71E9552-EEDC-450E-9E95-A38F4044FD15}.Release|Any CPU.ActiveCfg = Release|Any CPU
		{F71E9552-EEDC-450E-9E95-A38F4044FD15}.Release|Any CPU.Build.0 = Release|Any CPU
		{F71E9552-EEDC-450E-9E95-A38F4044FD15}.Release|Any CPU.Deploy.0 = Release|Any CPU
		{F71E9552-EEDC-450E-9E95-A38F4044FD15}.Release|ARM.ActiveCfg = Release|Any CPU
		{F71E9552-EEDC-450E-9E95-A38F4044FD15}.Release|ARM.Build.0 = Release|Any CPU
		{F71E9552-EEDC-450E-9E95-A38F4044FD15}.Release|ARM.Deploy.0 = Release|Any CPU
		{F71E9552-EEDC-450E-9E95-A38F4044FD15}.Release|iPhone.ActiveCfg = Release|Any CPU
		{F71E9552-EEDC-450E-9E95-A38F4044FD15}.Release|iPhone.Build.0 = Release|Any CPU
		{F71E9552-EEDC-450E-9E95-A38F4044FD15}.Release|iPhone.Deploy.0 = Release|Any CPU
		{F71E9552-EEDC-450E-9E95-A38F4044FD15}.Release|iPhoneSimulator.ActiveCfg = Release|Any CPU
		{F71E9552-EEDC-450E-9E95-A38F4044FD15}.Release|iPhoneSimulator.Build.0 = Release|Any CPU
		{F71E9552-EEDC-450E-9E95-A38F4044FD15}.Release|iPhoneSimulator.Deploy.0 = Release|Any CPU
		{F71E9552-EEDC-450E-9E95-A38F4044FD15}.Release|x64.ActiveCfg = Release|Any CPU
		{F71E9552-EEDC-450E-9E95-A38F4044FD15}.Release|x64.Build.0 = Release|Any CPU
		{F71E9552-EEDC-450E-9E95-A38F4044FD15}.Release|x64.Deploy.0 = Release|Any CPU
		{F71E9552-EEDC-450E-9E95-A38F4044FD15}.Release|x86.ActiveCfg = Release|Any CPU
		{F71E9552-EEDC-450E-9E95-A38F4044FD15}.Release|x86.Build.0 = Release|Any CPU
		{F71E9552-EEDC-450E-9E95-A38F4044FD15}.Release|x86.Deploy.0 = Release|Any CPU
		{44F1F51E-02D2-4206-A518-67EF01E94949}.Ad-Hoc|Any CPU.ActiveCfg = Ad-Hoc|iPhone
		{44F1F51E-02D2-4206-A518-67EF01E94949}.Ad-Hoc|Any CPU.Build.0 = Ad-Hoc|iPhone
		{44F1F51E-02D2-4206-A518-67EF01E94949}.Ad-Hoc|Any CPU.Deploy.0 = Ad-Hoc|iPhone
		{44F1F51E-02D2-4206-A518-67EF01E94949}.Ad-Hoc|ARM.ActiveCfg = Ad-Hoc|iPhone
		{44F1F51E-02D2-4206-A518-67EF01E94949}.Ad-Hoc|ARM.Build.0 = Ad-Hoc|iPhone
		{44F1F51E-02D2-4206-A518-67EF01E94949}.Ad-Hoc|ARM.Deploy.0 = Ad-Hoc|iPhone
		{44F1F51E-02D2-4206-A518-67EF01E94949}.Ad-Hoc|iPhone.ActiveCfg = Ad-Hoc|iPhone
		{44F1F51E-02D2-4206-A518-67EF01E94949}.Ad-Hoc|iPhone.Build.0 = Ad-Hoc|iPhone
		{44F1F51E-02D2-4206-A518-67EF01E94949}.Ad-Hoc|iPhone.Deploy.0 = Ad-Hoc|iPhone
		{44F1F51E-02D2-4206-A518-67EF01E94949}.Ad-Hoc|iPhoneSimulator.ActiveCfg = Ad-Hoc|iPhoneSimulator
		{44F1F51E-02D2-4206-A518-67EF01E94949}.Ad-Hoc|iPhoneSimulator.Build.0 = Ad-Hoc|iPhoneSimulator
		{44F1F51E-02D2-4206-A518-67EF01E94949}.Ad-Hoc|iPhoneSimulator.Deploy.0 = Ad-Hoc|iPhoneSimulator
		{44F1F51E-02D2-4206-A518-67EF01E94949}.Ad-Hoc|x64.ActiveCfg = Ad-Hoc|iPhone
		{44F1F51E-02D2-4206-A518-67EF01E94949}.Ad-Hoc|x64.Build.0 = Ad-Hoc|iPhone
		{44F1F51E-02D2-4206-A518-67EF01E94949}.Ad-Hoc|x64.Deploy.0 = Ad-Hoc|iPhone
		{44F1F51E-02D2-4206-A518-67EF01E94949}.Ad-Hoc|x86.ActiveCfg = Ad-Hoc|iPhone
		{44F1F51E-02D2-4206-A518-67EF01E94949}.Ad-Hoc|x86.Build.0 = Ad-Hoc|iPhone
		{44F1F51E-02D2-4206-A518-67EF01E94949}.Ad-Hoc|x86.Deploy.0 = Ad-Hoc|iPhone
		{44F1F51E-02D2-4206-A518-67EF01E94949}.AppStore|Any CPU.ActiveCfg = AppStore|iPhone
		{44F1F51E-02D2-4206-A518-67EF01E94949}.AppStore|Any CPU.Build.0 = AppStore|iPhone
		{44F1F51E-02D2-4206-A518-67EF01E94949}.AppStore|Any CPU.Deploy.0 = AppStore|iPhone
		{44F1F51E-02D2-4206-A518-67EF01E94949}.AppStore|ARM.ActiveCfg = AppStore|iPhone
		{44F1F51E-02D2-4206-A518-67EF01E94949}.AppStore|ARM.Build.0 = AppStore|iPhone
		{44F1F51E-02D2-4206-A518-67EF01E94949}.AppStore|ARM.Deploy.0 = AppStore|iPhone
		{44F1F51E-02D2-4206-A518-67EF01E94949}.AppStore|iPhone.ActiveCfg = AppStore|iPhone
		{44F1F51E-02D2-4206-A518-67EF01E94949}.AppStore|iPhone.Build.0 = AppStore|iPhone
		{44F1F51E-02D2-4206-A518-67EF01E94949}.AppStore|iPhone.Deploy.0 = AppStore|iPhone
		{44F1F51E-02D2-4206-A518-67EF01E94949}.AppStore|iPhoneSimulator.ActiveCfg = AppStore|iPhoneSimulator
		{44F1F51E-02D2-4206-A518-67EF01E94949}.AppStore|iPhoneSimulator.Build.0 = AppStore|iPhoneSimulator
		{44F1F51E-02D2-4206-A518-67EF01E94949}.AppStore|iPhoneSimulator.Deploy.0 = AppStore|iPhoneSimulator
		{44F1F51E-02D2-4206-A518-67EF01E94949}.AppStore|x64.ActiveCfg = AppStore|iPhone
		{44F1F51E-02D2-4206-A518-67EF01E94949}.AppStore|x64.Build.0 = AppStore|iPhone
		{44F1F51E-02D2-4206-A518-67EF01E94949}.AppStore|x64.Deploy.0 = AppStore|iPhone
		{44F1F51E-02D2-4206-A518-67EF01E94949}.AppStore|x86.ActiveCfg = AppStore|iPhone
		{44F1F51E-02D2-4206-A518-67EF01E94949}.AppStore|x86.Build.0 = AppStore|iPhone
		{44F1F51E-02D2-4206-A518-67EF01E94949}.AppStore|x86.Deploy.0 = AppStore|iPhone
		{44F1F51E-02D2-4206-A518-67EF01E94949}.Debug|Any CPU.ActiveCfg = Debug|iPhoneSimulator
		{44F1F51E-02D2-4206-A518-67EF01E94949}.Debug|Any CPU.Build.0 = Debug|iPhoneSimulator
		{44F1F51E-02D2-4206-A518-67EF01E94949}.Debug|Any CPU.Deploy.0 = Debug|iPhoneSimulator
		{44F1F51E-02D2-4206-A518-67EF01E94949}.Debug|ARM.ActiveCfg = Debug|iPhone
		{44F1F51E-02D2-4206-A518-67EF01E94949}.Debug|ARM.Build.0 = Debug|iPhone
		{44F1F51E-02D2-4206-A518-67EF01E94949}.Debug|ARM.Deploy.0 = Debug|iPhone
		{44F1F51E-02D2-4206-A518-67EF01E94949}.Debug|iPhone.ActiveCfg = Debug|iPhone
		{44F1F51E-02D2-4206-A518-67EF01E94949}.Debug|iPhone.Build.0 = Debug|iPhone
		{44F1F51E-02D2-4206-A518-67EF01E94949}.Debug|iPhone.Deploy.0 = Debug|iPhone
		{44F1F51E-02D2-4206-A518-67EF01E94949}.Debug|iPhoneSimulator.ActiveCfg = Debug|iPhoneSimulator
		{44F1F51E-02D2-4206-A518-67EF01E94949}.Debug|iPhoneSimulator.Build.0 = Debug|iPhoneSimulator
		{44F1F51E-02D2-4206-A518-67EF01E94949}.Debug|iPhoneSimulator.Deploy.0 = Debug|iPhoneSimulator
		{44F1F51E-02D2-4206-A518-67EF01E94949}.Debug|x64.ActiveCfg = Debug|iPhone
		{44F1F51E-02D2-4206-A518-67EF01E94949}.Debug|x64.Build.0 = Debug|iPhone
		{44F1F51E-02D2-4206-A518-67EF01E94949}.Debug|x64.Deploy.0 = Debug|iPhone
		{44F1F51E-02D2-4206-A518-67EF01E94949}.Debug|x86.ActiveCfg = Debug|iPhone
		{44F1F51E-02D2-4206-A518-67EF01E94949}.Debug|x86.Build.0 = Debug|iPhone
		{44F1F51E-02D2-4206-A518-67EF01E94949}.Debug|x86.Deploy.0 = Debug|iPhone
		{44F1F51E-02D2-4206-A518-67EF01E94949}.Release|Any CPU.ActiveCfg = Release|iPhone
		{44F1F51E-02D2-4206-A518-67EF01E94949}.Release|Any CPU.Build.0 = Release|iPhone
		{44F1F51E-02D2-4206-A518-67EF01E94949}.Release|Any CPU.Deploy.0 = Release|iPhone
		{44F1F51E-02D2-4206-A518-67EF01E94949}.Release|ARM.ActiveCfg = Release|iPhone
		{44F1F51E-02D2-4206-A518-67EF01E94949}.Release|ARM.Build.0 = Release|iPhone
		{44F1F51E-02D2-4206-A518-67EF01E94949}.Release|ARM.Deploy.0 = Release|iPhone
		{44F1F51E-02D2-4206-A518-67EF01E94949}.Release|iPhone.ActiveCfg = Release|iPhone
		{44F1F51E-02D2-4206-A518-67EF01E94949}.Release|iPhone.Build.0 = Release|iPhone
		{44F1F51E-02D2-4206-A518-67EF01E94949}.Release|iPhone.Deploy.0 = Release|iPhone
		{44F1F51E-02D2-4206-A518-67EF01E94949}.Release|iPhoneSimulator.ActiveCfg = Release|iPhoneSimulator
		{44F1F51E-02D2-4206-A518-67EF01E94949}.Release|iPhoneSimulator.Build.0 = Release|iPhoneSimulator
		{44F1F51E-02D2-4206-A518-67EF01E94949}.Release|iPhoneSimulator.Deploy.0 = Release|iPhoneSimulator
		{44F1F51E-02D2-4206-A518-67EF01E94949}.Release|x64.ActiveCfg = Release|iPhone
		{44F1F51E-02D2-4206-A518-67EF01E94949}.Release|x64.Build.0 = Release|iPhone
		{44F1F51E-02D2-4206-A518-67EF01E94949}.Release|x64.Deploy.0 = Release|iPhone
		{44F1F51E-02D2-4206-A518-67EF01E94949}.Release|x86.ActiveCfg = Release|iPhone
		{44F1F51E-02D2-4206-A518-67EF01E94949}.Release|x86.Build.0 = Release|iPhone
		{44F1F51E-02D2-4206-A518-67EF01E94949}.Release|x86.Deploy.0 = Release|iPhone
		{6F7A4AF6-0B22-49ED-A3AB-0C1BC1382212}.Ad-Hoc|Any CPU.ActiveCfg = Debug|Any CPU
		{6F7A4AF6-0B22-49ED-A3AB-0C1BC1382212}.Ad-Hoc|Any CPU.Build.0 = Debug|Any CPU
		{6F7A4AF6-0B22-49ED-A3AB-0C1BC1382212}.Ad-Hoc|Any CPU.Deploy.0 = Debug|Any CPU
		{6F7A4AF6-0B22-49ED-A3AB-0C1BC1382212}.Ad-Hoc|ARM.ActiveCfg = Debug|Any CPU
		{6F7A4AF6-0B22-49ED-A3AB-0C1BC1382212}.Ad-Hoc|ARM.Build.0 = Debug|Any CPU
		{6F7A4AF6-0B22-49ED-A3AB-0C1BC1382212}.Ad-Hoc|ARM.Deploy.0 = Debug|Any CPU
		{6F7A4AF6-0B22-49ED-A3AB-0C1BC1382212}.Ad-Hoc|iPhone.ActiveCfg = Debug|Any CPU
		{6F7A4AF6-0B22-49ED-A3AB-0C1BC1382212}.Ad-Hoc|iPhone.Build.0 = Debug|Any CPU
		{6F7A4AF6-0B22-49ED-A3AB-0C1BC1382212}.Ad-Hoc|iPhone.Deploy.0 = Debug|Any CPU
		{6F7A4AF6-0B22-49ED-A3AB-0C1BC1382212}.Ad-Hoc|iPhoneSimulator.ActiveCfg = Debug|Any CPU
		{6F7A4AF6-0B22-49ED-A3AB-0C1BC1382212}.Ad-Hoc|iPhoneSimulator.Build.0 = Debug|Any CPU
		{6F7A4AF6-0B22-49ED-A3AB-0C1BC1382212}.Ad-Hoc|iPhoneSimulator.Deploy.0 = Debug|Any CPU
		{6F7A4AF6-0B22-49ED-A3AB-0C1BC1382212}.Ad-Hoc|x64.ActiveCfg = Debug|Any CPU
		{6F7A4AF6-0B22-49ED-A3AB-0C1BC1382212}.Ad-Hoc|x64.Build.0 = Debug|Any CPU
		{6F7A4AF6-0B22-49ED-A3AB-0C1BC1382212}.Ad-Hoc|x64.Deploy.0 = Debug|Any CPU
		{6F7A4AF6-0B22-49ED-A3AB-0C1BC1382212}.Ad-Hoc|x86.ActiveCfg = Debug|Any CPU
		{6F7A4AF6-0B22-49ED-A3AB-0C1BC1382212}.Ad-Hoc|x86.Build.0 = Debug|Any CPU
		{6F7A4AF6-0B22-49ED-A3AB-0C1BC1382212}.Ad-Hoc|x86.Deploy.0 = Debug|Any CPU
		{6F7A4AF6-0B22-49ED-A3AB-0C1BC1382212}.AppStore|Any CPU.ActiveCfg = Debug|Any CPU
		{6F7A4AF6-0B22-49ED-A3AB-0C1BC1382212}.AppStore|Any CPU.Build.0 = Debug|Any CPU
		{6F7A4AF6-0B22-49ED-A3AB-0C1BC1382212}.AppStore|Any CPU.Deploy.0 = Debug|Any CPU
		{6F7A4AF6-0B22-49ED-A3AB-0C1BC1382212}.AppStore|ARM.ActiveCfg = Debug|Any CPU
		{6F7A4AF6-0B22-49ED-A3AB-0C1BC1382212}.AppStore|ARM.Build.0 = Debug|Any CPU
		{6F7A4AF6-0B22-49ED-A3AB-0C1BC1382212}.AppStore|ARM.Deploy.0 = Debug|Any CPU
		{6F7A4AF6-0B22-49ED-A3AB-0C1BC1382212}.AppStore|iPhone.ActiveCfg = Debug|Any CPU
		{6F7A4AF6-0B22-49ED-A3AB-0C1BC1382212}.AppStore|iPhone.Build.0 = Debug|Any CPU
		{6F7A4AF6-0B22-49ED-A3AB-0C1BC1382212}.AppStore|iPhone.Deploy.0 = Debug|Any CPU
		{6F7A4AF6-0B22-49ED-A3AB-0C1BC1382212}.AppStore|iPhoneSimulator.ActiveCfg = Debug|Any CPU
		{6F7A4AF6-0B22-49ED-A3AB-0C1BC1382212}.AppStore|iPhoneSimulator.Build.0 = Debug|Any CPU
		{6F7A4AF6-0B22-49ED-A3AB-0C1BC1382212}.AppStore|iPhoneSimulator.Deploy.0 = Debug|Any CPU
		{6F7A4AF6-0B22-49ED-A3AB-0C1BC1382212}.AppStore|x64.ActiveCfg = Debug|Any CPU
		{6F7A4AF6-0B22-49ED-A3AB-0C1BC1382212}.AppStore|x64.Build.0 = Debug|Any CPU
		{6F7A4AF6-0B22-49ED-A3AB-0C1BC1382212}.AppStore|x64.Deploy.0 = Debug|Any CPU
		{6F7A4AF6-0B22-49ED-A3AB-0C1BC1382212}.AppStore|x86.ActiveCfg = Debug|Any CPU
		{6F7A4AF6-0B22-49ED-A3AB-0C1BC1382212}.AppStore|x86.Build.0 = Debug|Any CPU
		{6F7A4AF6-0B22-49ED-A3AB-0C1BC1382212}.AppStore|x86.Deploy.0 = Debug|Any CPU
		{6F7A4AF6-0B22-49ED-A3AB-0C1BC1382212}.Debug|Any CPU.ActiveCfg = Debug|Any CPU
		{6F7A4AF6-0B22-49ED-A3AB-0C1BC1382212}.Debug|Any CPU.Build.0 = Debug|Any CPU
		{6F7A4AF6-0B22-49ED-A3AB-0C1BC1382212}.Debug|Any CPU.Deploy.0 = Debug|Any CPU
		{6F7A4AF6-0B22-49ED-A3AB-0C1BC1382212}.Debug|ARM.ActiveCfg = Debug|Any CPU
		{6F7A4AF6-0B22-49ED-A3AB-0C1BC1382212}.Debug|ARM.Build.0 = Debug|Any CPU
		{6F7A4AF6-0B22-49ED-A3AB-0C1BC1382212}.Debug|ARM.Deploy.0 = Debug|Any CPU
		{6F7A4AF6-0B22-49ED-A3AB-0C1BC1382212}.Debug|iPhone.ActiveCfg = Debug|Any CPU
		{6F7A4AF6-0B22-49ED-A3AB-0C1BC1382212}.Debug|iPhone.Build.0 = Debug|Any CPU
		{6F7A4AF6-0B22-49ED-A3AB-0C1BC1382212}.Debug|iPhone.Deploy.0 = Debug|Any CPU
		{6F7A4AF6-0B22-49ED-A3AB-0C1BC1382212}.Debug|iPhoneSimulator.ActiveCfg = Debug|Any CPU
		{6F7A4AF6-0B22-49ED-A3AB-0C1BC1382212}.Debug|iPhoneSimulator.Build.0 = Debug|Any CPU
		{6F7A4AF6-0B22-49ED-A3AB-0C1BC1382212}.Debug|iPhoneSimulator.Deploy.0 = Debug|Any CPU
		{6F7A4AF6-0B22-49ED-A3AB-0C1BC1382212}.Debug|x64.ActiveCfg = Debug|Any CPU
		{6F7A4AF6-0B22-49ED-A3AB-0C1BC1382212}.Debug|x64.Build.0 = Debug|Any CPU
		{6F7A4AF6-0B22-49ED-A3AB-0C1BC1382212}.Debug|x64.Deploy.0 = Debug|Any CPU
		{6F7A4AF6-0B22-49ED-A3AB-0C1BC1382212}.Debug|x86.ActiveCfg = Debug|Any CPU
		{6F7A4AF6-0B22-49ED-A3AB-0C1BC1382212}.Debug|x86.Build.0 = Debug|Any CPU
		{6F7A4AF6-0B22-49ED-A3AB-0C1BC1382212}.Debug|x86.Deploy.0 = Debug|Any CPU
		{6F7A4AF6-0B22-49ED-A3AB-0C1BC1382212}.Release|Any CPU.ActiveCfg = Release|Any CPU
		{6F7A4AF6-0B22-49ED-A3AB-0C1BC1382212}.Release|Any CPU.Build.0 = Release|Any CPU
		{6F7A4AF6-0B22-49ED-A3AB-0C1BC1382212}.Release|Any CPU.Deploy.0 = Release|Any CPU
		{6F7A4AF6-0B22-49ED-A3AB-0C1BC1382212}.Release|ARM.ActiveCfg = Release|Any CPU
		{6F7A4AF6-0B22-49ED-A3AB-0C1BC1382212}.Release|ARM.Build.0 = Release|Any CPU
		{6F7A4AF6-0B22-49ED-A3AB-0C1BC1382212}.Release|ARM.Deploy.0 = Release|Any CPU
		{6F7A4AF6-0B22-49ED-A3AB-0C1BC1382212}.Release|iPhone.ActiveCfg = Release|Any CPU
		{6F7A4AF6-0B22-49ED-A3AB-0C1BC1382212}.Release|iPhone.Build.0 = Release|Any CPU
		{6F7A4AF6-0B22-49ED-A3AB-0C1BC1382212}.Release|iPhone.Deploy.0 = Release|Any CPU
		{6F7A4AF6-0B22-49ED-A3AB-0C1BC1382212}.Release|iPhoneSimulator.ActiveCfg = Release|Any CPU
		{6F7A4AF6-0B22-49ED-A3AB-0C1BC1382212}.Release|iPhoneSimulator.Build.0 = Release|Any CPU
		{6F7A4AF6-0B22-49ED-A3AB-0C1BC1382212}.Release|iPhoneSimulator.Deploy.0 = Release|Any CPU
		{6F7A4AF6-0B22-49ED-A3AB-0C1BC1382212}.Release|x64.ActiveCfg = Release|Any CPU
		{6F7A4AF6-0B22-49ED-A3AB-0C1BC1382212}.Release|x64.Build.0 = Release|Any CPU
		{6F7A4AF6-0B22-49ED-A3AB-0C1BC1382212}.Release|x64.Deploy.0 = Release|Any CPU
		{6F7A4AF6-0B22-49ED-A3AB-0C1BC1382212}.Release|x86.ActiveCfg = Release|Any CPU
		{6F7A4AF6-0B22-49ED-A3AB-0C1BC1382212}.Release|x86.Build.0 = Release|Any CPU
		{6F7A4AF6-0B22-49ED-A3AB-0C1BC1382212}.Release|x86.Deploy.0 = Release|Any CPU
		{BA298720-E85D-4F1B-81C0-DA8B5B024555}.Ad-Hoc|Any CPU.ActiveCfg = Release|Any CPU
		{BA298720-E85D-4F1B-81C0-DA8B5B024555}.Ad-Hoc|Any CPU.Build.0 = Release|Any CPU
		{BA298720-E85D-4F1B-81C0-DA8B5B024555}.Ad-Hoc|ARM.ActiveCfg = Release|Any CPU
		{BA298720-E85D-4F1B-81C0-DA8B5B024555}.Ad-Hoc|ARM.Build.0 = Release|Any CPU
		{BA298720-E85D-4F1B-81C0-DA8B5B024555}.Ad-Hoc|iPhone.ActiveCfg = Release|Any CPU
		{BA298720-E85D-4F1B-81C0-DA8B5B024555}.Ad-Hoc|iPhone.Build.0 = Release|Any CPU
		{BA298720-E85D-4F1B-81C0-DA8B5B024555}.Ad-Hoc|iPhoneSimulator.ActiveCfg = Release|Any CPU
		{BA298720-E85D-4F1B-81C0-DA8B5B024555}.Ad-Hoc|iPhoneSimulator.Build.0 = Release|Any CPU
		{BA298720-E85D-4F1B-81C0-DA8B5B024555}.Ad-Hoc|x64.ActiveCfg = Release|Any CPU
		{BA298720-E85D-4F1B-81C0-DA8B5B024555}.Ad-Hoc|x64.Build.0 = Release|Any CPU
		{BA298720-E85D-4F1B-81C0-DA8B5B024555}.Ad-Hoc|x86.ActiveCfg = Release|Any CPU
		{BA298720-E85D-4F1B-81C0-DA8B5B024555}.Ad-Hoc|x86.Build.0 = Release|Any CPU
		{BA298720-E85D-4F1B-81C0-DA8B5B024555}.AppStore|Any CPU.ActiveCfg = Release|Any CPU
		{BA298720-E85D-4F1B-81C0-DA8B5B024555}.AppStore|Any CPU.Build.0 = Release|Any CPU
		{BA298720-E85D-4F1B-81C0-DA8B5B024555}.AppStore|ARM.ActiveCfg = Release|Any CPU
		{BA298720-E85D-4F1B-81C0-DA8B5B024555}.AppStore|ARM.Build.0 = Release|Any CPU
		{BA298720-E85D-4F1B-81C0-DA8B5B024555}.AppStore|iPhone.ActiveCfg = Release|Any CPU
		{BA298720-E85D-4F1B-81C0-DA8B5B024555}.AppStore|iPhone.Build.0 = Release|Any CPU
		{BA298720-E85D-4F1B-81C0-DA8B5B024555}.AppStore|iPhoneSimulator.ActiveCfg = Release|Any CPU
		{BA298720-E85D-4F1B-81C0-DA8B5B024555}.AppStore|iPhoneSimulator.Build.0 = Release|Any CPU
		{BA298720-E85D-4F1B-81C0-DA8B5B024555}.AppStore|x64.ActiveCfg = Release|Any CPU
		{BA298720-E85D-4F1B-81C0-DA8B5B024555}.AppStore|x64.Build.0 = Release|Any CPU
		{BA298720-E85D-4F1B-81C0-DA8B5B024555}.AppStore|x86.ActiveCfg = Release|Any CPU
		{BA298720-E85D-4F1B-81C0-DA8B5B024555}.AppStore|x86.Build.0 = Release|Any CPU
		{BA298720-E85D-4F1B-81C0-DA8B5B024555}.Debug|Any CPU.ActiveCfg = Debug|Any CPU
		{BA298720-E85D-4F1B-81C0-DA8B5B024555}.Debug|Any CPU.Build.0 = Debug|Any CPU
		{BA298720-E85D-4F1B-81C0-DA8B5B024555}.Debug|ARM.ActiveCfg = Debug|Any CPU
		{BA298720-E85D-4F1B-81C0-DA8B5B024555}.Debug|ARM.Build.0 = Debug|Any CPU
		{BA298720-E85D-4F1B-81C0-DA8B5B024555}.Debug|iPhone.ActiveCfg = Debug|Any CPU
		{BA298720-E85D-4F1B-81C0-DA8B5B024555}.Debug|iPhone.Build.0 = Debug|Any CPU
		{BA298720-E85D-4F1B-81C0-DA8B5B024555}.Debug|iPhoneSimulator.ActiveCfg = Debug|Any CPU
		{BA298720-E85D-4F1B-81C0-DA8B5B024555}.Debug|iPhoneSimulator.Build.0 = Debug|Any CPU
		{BA298720-E85D-4F1B-81C0-DA8B5B024555}.Debug|x64.ActiveCfg = Debug|Any CPU
		{BA298720-E85D-4F1B-81C0-DA8B5B024555}.Debug|x64.Build.0 = Debug|Any CPU
		{BA298720-E85D-4F1B-81C0-DA8B5B024555}.Debug|x86.ActiveCfg = Debug|Any CPU
		{BA298720-E85D-4F1B-81C0-DA8B5B024555}.Debug|x86.Build.0 = Debug|Any CPU
		{BA298720-E85D-4F1B-81C0-DA8B5B024555}.Release|Any CPU.ActiveCfg = Release|Any CPU
		{BA298720-E85D-4F1B-81C0-DA8B5B024555}.Release|Any CPU.Build.0 = Release|Any CPU
		{BA298720-E85D-4F1B-81C0-DA8B5B024555}.Release|ARM.ActiveCfg = Release|Any CPU
		{BA298720-E85D-4F1B-81C0-DA8B5B024555}.Release|ARM.Build.0 = Release|Any CPU
		{BA298720-E85D-4F1B-81C0-DA8B5B024555}.Release|iPhone.ActiveCfg = Release|Any CPU
		{BA298720-E85D-4F1B-81C0-DA8B5B024555}.Release|iPhone.Build.0 = Release|Any CPU
		{BA298720-E85D-4F1B-81C0-DA8B5B024555}.Release|iPhoneSimulator.ActiveCfg = Release|Any CPU
		{BA298720-E85D-4F1B-81C0-DA8B5B024555}.Release|iPhoneSimulator.Build.0 = Release|Any CPU
		{BA298720-E85D-4F1B-81C0-DA8B5B024555}.Release|x64.ActiveCfg = Release|Any CPU
		{BA298720-E85D-4F1B-81C0-DA8B5B024555}.Release|x64.Build.0 = Release|Any CPU
		{BA298720-E85D-4F1B-81C0-DA8B5B024555}.Release|x86.ActiveCfg = Release|Any CPU
		{BA298720-E85D-4F1B-81C0-DA8B5B024555}.Release|x86.Build.0 = Release|Any CPU
		{50857753-7921-4573-A414-2854F797B6B0}.Ad-Hoc|Any CPU.ActiveCfg = Release|Any CPU
		{50857753-7921-4573-A414-2854F797B6B0}.Ad-Hoc|Any CPU.Build.0 = Release|Any CPU
		{50857753-7921-4573-A414-2854F797B6B0}.Ad-Hoc|ARM.ActiveCfg = Release|Any CPU
		{50857753-7921-4573-A414-2854F797B6B0}.Ad-Hoc|ARM.Build.0 = Release|Any CPU
		{50857753-7921-4573-A414-2854F797B6B0}.Ad-Hoc|iPhone.ActiveCfg = Release|Any CPU
		{50857753-7921-4573-A414-2854F797B6B0}.Ad-Hoc|iPhone.Build.0 = Release|Any CPU
		{50857753-7921-4573-A414-2854F797B6B0}.Ad-Hoc|iPhoneSimulator.ActiveCfg = Release|Any CPU
		{50857753-7921-4573-A414-2854F797B6B0}.Ad-Hoc|iPhoneSimulator.Build.0 = Release|Any CPU
		{50857753-7921-4573-A414-2854F797B6B0}.Ad-Hoc|x64.ActiveCfg = Release|Any CPU
		{50857753-7921-4573-A414-2854F797B6B0}.Ad-Hoc|x64.Build.0 = Release|Any CPU
		{50857753-7921-4573-A414-2854F797B6B0}.Ad-Hoc|x86.ActiveCfg = Release|Any CPU
		{50857753-7921-4573-A414-2854F797B6B0}.Ad-Hoc|x86.Build.0 = Release|Any CPU
		{50857753-7921-4573-A414-2854F797B6B0}.AppStore|Any CPU.ActiveCfg = Release|Any CPU
		{50857753-7921-4573-A414-2854F797B6B0}.AppStore|Any CPU.Build.0 = Release|Any CPU
		{50857753-7921-4573-A414-2854F797B6B0}.AppStore|ARM.ActiveCfg = Release|Any CPU
		{50857753-7921-4573-A414-2854F797B6B0}.AppStore|ARM.Build.0 = Release|Any CPU
		{50857753-7921-4573-A414-2854F797B6B0}.AppStore|iPhone.ActiveCfg = Release|Any CPU
		{50857753-7921-4573-A414-2854F797B6B0}.AppStore|iPhone.Build.0 = Release|Any CPU
		{50857753-7921-4573-A414-2854F797B6B0}.AppStore|iPhoneSimulator.ActiveCfg = Release|Any CPU
		{50857753-7921-4573-A414-2854F797B6B0}.AppStore|iPhoneSimulator.Build.0 = Release|Any CPU
		{50857753-7921-4573-A414-2854F797B6B0}.AppStore|x64.ActiveCfg = Release|Any CPU
		{50857753-7921-4573-A414-2854F797B6B0}.AppStore|x64.Build.0 = Release|Any CPU
		{50857753-7921-4573-A414-2854F797B6B0}.AppStore|x86.ActiveCfg = Release|Any CPU
		{50857753-7921-4573-A414-2854F797B6B0}.AppStore|x86.Build.0 = Release|Any CPU
		{50857753-7921-4573-A414-2854F797B6B0}.Debug|Any CPU.ActiveCfg = Debug|Any CPU
		{50857753-7921-4573-A414-2854F797B6B0}.Debug|Any CPU.Build.0 = Debug|Any CPU
		{50857753-7921-4573-A414-2854F797B6B0}.Debug|ARM.ActiveCfg = Debug|Any CPU
		{50857753-7921-4573-A414-2854F797B6B0}.Debug|ARM.Build.0 = Debug|Any CPU
		{50857753-7921-4573-A414-2854F797B6B0}.Debug|iPhone.ActiveCfg = Debug|Any CPU
		{50857753-7921-4573-A414-2854F797B6B0}.Debug|iPhone.Build.0 = Debug|Any CPU
		{50857753-7921-4573-A414-2854F797B6B0}.Debug|iPhoneSimulator.ActiveCfg = Debug|Any CPU
		{50857753-7921-4573-A414-2854F797B6B0}.Debug|iPhoneSimulator.Build.0 = Debug|Any CPU
		{50857753-7921-4573-A414-2854F797B6B0}.Debug|x64.ActiveCfg = Debug|Any CPU
		{50857753-7921-4573-A414-2854F797B6B0}.Debug|x64.Build.0 = Debug|Any CPU
		{50857753-7921-4573-A414-2854F797B6B0}.Debug|x86.ActiveCfg = Debug|Any CPU
		{50857753-7921-4573-A414-2854F797B6B0}.Debug|x86.Build.0 = Debug|Any CPU
		{50857753-7921-4573-A414-2854F797B6B0}.Release|Any CPU.ActiveCfg = Release|Any CPU
		{50857753-7921-4573-A414-2854F797B6B0}.Release|Any CPU.Build.0 = Release|Any CPU
		{50857753-7921-4573-A414-2854F797B6B0}.Release|ARM.ActiveCfg = Release|Any CPU
		{50857753-7921-4573-A414-2854F797B6B0}.Release|ARM.Build.0 = Release|Any CPU
		{50857753-7921-4573-A414-2854F797B6B0}.Release|iPhone.ActiveCfg = Release|Any CPU
		{50857753-7921-4573-A414-2854F797B6B0}.Release|iPhone.Build.0 = Release|Any CPU
		{50857753-7921-4573-A414-2854F797B6B0}.Release|iPhoneSimulator.ActiveCfg = Release|Any CPU
		{50857753-7921-4573-A414-2854F797B6B0}.Release|iPhoneSimulator.Build.0 = Release|Any CPU
		{50857753-7921-4573-A414-2854F797B6B0}.Release|x64.ActiveCfg = Release|Any CPU
		{50857753-7921-4573-A414-2854F797B6B0}.Release|x64.Build.0 = Release|Any CPU
		{50857753-7921-4573-A414-2854F797B6B0}.Release|x86.ActiveCfg = Release|Any CPU
		{50857753-7921-4573-A414-2854F797B6B0}.Release|x86.Build.0 = Release|Any CPU
		{BBF1EDBF-20D2-4F1D-971B-CF5BA34B5E76}.Ad-Hoc|Any CPU.ActiveCfg = Release|Any CPU
		{BBF1EDBF-20D2-4F1D-971B-CF5BA34B5E76}.Ad-Hoc|Any CPU.Build.0 = Release|Any CPU
		{BBF1EDBF-20D2-4F1D-971B-CF5BA34B5E76}.Ad-Hoc|ARM.ActiveCfg = Release|Any CPU
		{BBF1EDBF-20D2-4F1D-971B-CF5BA34B5E76}.Ad-Hoc|ARM.Build.0 = Release|Any CPU
		{BBF1EDBF-20D2-4F1D-971B-CF5BA34B5E76}.Ad-Hoc|iPhone.ActiveCfg = Release|Any CPU
		{BBF1EDBF-20D2-4F1D-971B-CF5BA34B5E76}.Ad-Hoc|iPhone.Build.0 = Release|Any CPU
		{BBF1EDBF-20D2-4F1D-971B-CF5BA34B5E76}.Ad-Hoc|iPhoneSimulator.ActiveCfg = Release|Any CPU
		{BBF1EDBF-20D2-4F1D-971B-CF5BA34B5E76}.Ad-Hoc|iPhoneSimulator.Build.0 = Release|Any CPU
		{BBF1EDBF-20D2-4F1D-971B-CF5BA34B5E76}.Ad-Hoc|x64.ActiveCfg = Release|Any CPU
		{BBF1EDBF-20D2-4F1D-971B-CF5BA34B5E76}.Ad-Hoc|x64.Build.0 = Release|Any CPU
		{BBF1EDBF-20D2-4F1D-971B-CF5BA34B5E76}.Ad-Hoc|x86.ActiveCfg = Release|Any CPU
		{BBF1EDBF-20D2-4F1D-971B-CF5BA34B5E76}.Ad-Hoc|x86.Build.0 = Release|Any CPU
		{BBF1EDBF-20D2-4F1D-971B-CF5BA34B5E76}.AppStore|Any CPU.ActiveCfg = Release|Any CPU
		{BBF1EDBF-20D2-4F1D-971B-CF5BA34B5E76}.AppStore|Any CPU.Build.0 = Release|Any CPU
		{BBF1EDBF-20D2-4F1D-971B-CF5BA34B5E76}.AppStore|ARM.ActiveCfg = Release|Any CPU
		{BBF1EDBF-20D2-4F1D-971B-CF5BA34B5E76}.AppStore|ARM.Build.0 = Release|Any CPU
		{BBF1EDBF-20D2-4F1D-971B-CF5BA34B5E76}.AppStore|iPhone.ActiveCfg = Release|Any CPU
		{BBF1EDBF-20D2-4F1D-971B-CF5BA34B5E76}.AppStore|iPhone.Build.0 = Release|Any CPU
		{BBF1EDBF-20D2-4F1D-971B-CF5BA34B5E76}.AppStore|iPhoneSimulator.ActiveCfg = Release|Any CPU
		{BBF1EDBF-20D2-4F1D-971B-CF5BA34B5E76}.AppStore|iPhoneSimulator.Build.0 = Release|Any CPU
		{BBF1EDBF-20D2-4F1D-971B-CF5BA34B5E76}.AppStore|x64.ActiveCfg = Release|Any CPU
		{BBF1EDBF-20D2-4F1D-971B-CF5BA34B5E76}.AppStore|x64.Build.0 = Release|Any CPU
		{BBF1EDBF-20D2-4F1D-971B-CF5BA34B5E76}.AppStore|x86.ActiveCfg = Release|Any CPU
		{BBF1EDBF-20D2-4F1D-971B-CF5BA34B5E76}.AppStore|x86.Build.0 = Release|Any CPU
		{BBF1EDBF-20D2-4F1D-971B-CF5BA34B5E76}.Debug|Any CPU.ActiveCfg = Debug|Any CPU
		{BBF1EDBF-20D2-4F1D-971B-CF5BA34B5E76}.Debug|Any CPU.Build.0 = Debug|Any CPU
		{BBF1EDBF-20D2-4F1D-971B-CF5BA34B5E76}.Debug|ARM.ActiveCfg = Debug|Any CPU
		{BBF1EDBF-20D2-4F1D-971B-CF5BA34B5E76}.Debug|ARM.Build.0 = Debug|Any CPU
		{BBF1EDBF-20D2-4F1D-971B-CF5BA34B5E76}.Debug|iPhone.ActiveCfg = Debug|Any CPU
		{BBF1EDBF-20D2-4F1D-971B-CF5BA34B5E76}.Debug|iPhone.Build.0 = Debug|Any CPU
		{BBF1EDBF-20D2-4F1D-971B-CF5BA34B5E76}.Debug|iPhoneSimulator.ActiveCfg = Debug|Any CPU
		{BBF1EDBF-20D2-4F1D-971B-CF5BA34B5E76}.Debug|iPhoneSimulator.Build.0 = Debug|Any CPU
		{BBF1EDBF-20D2-4F1D-971B-CF5BA34B5E76}.Debug|x64.ActiveCfg = Debug|Any CPU
		{BBF1EDBF-20D2-4F1D-971B-CF5BA34B5E76}.Debug|x64.Build.0 = Debug|Any CPU
		{BBF1EDBF-20D2-4F1D-971B-CF5BA34B5E76}.Debug|x86.ActiveCfg = Debug|Any CPU
		{BBF1EDBF-20D2-4F1D-971B-CF5BA34B5E76}.Debug|x86.Build.0 = Debug|Any CPU
		{BBF1EDBF-20D2-4F1D-971B-CF5BA34B5E76}.Release|Any CPU.ActiveCfg = Release|Any CPU
		{BBF1EDBF-20D2-4F1D-971B-CF5BA34B5E76}.Release|Any CPU.Build.0 = Release|Any CPU
		{BBF1EDBF-20D2-4F1D-971B-CF5BA34B5E76}.Release|ARM.ActiveCfg = Release|Any CPU
		{BBF1EDBF-20D2-4F1D-971B-CF5BA34B5E76}.Release|ARM.Build.0 = Release|Any CPU
		{BBF1EDBF-20D2-4F1D-971B-CF5BA34B5E76}.Release|iPhone.ActiveCfg = Release|Any CPU
		{BBF1EDBF-20D2-4F1D-971B-CF5BA34B5E76}.Release|iPhone.Build.0 = Release|Any CPU
		{BBF1EDBF-20D2-4F1D-971B-CF5BA34B5E76}.Release|iPhoneSimulator.ActiveCfg = Release|Any CPU
		{BBF1EDBF-20D2-4F1D-971B-CF5BA34B5E76}.Release|iPhoneSimulator.Build.0 = Release|Any CPU
		{BBF1EDBF-20D2-4F1D-971B-CF5BA34B5E76}.Release|x64.ActiveCfg = Release|Any CPU
		{BBF1EDBF-20D2-4F1D-971B-CF5BA34B5E76}.Release|x64.Build.0 = Release|Any CPU
		{BBF1EDBF-20D2-4F1D-971B-CF5BA34B5E76}.Release|x86.ActiveCfg = Release|Any CPU
		{BBF1EDBF-20D2-4F1D-971B-CF5BA34B5E76}.Release|x86.Build.0 = Release|Any CPU
		{90117B97-BC6D-4B40-814C-0AF34C3DB7E5}.Ad-Hoc|Any CPU.ActiveCfg = Release|Any CPU
		{90117B97-BC6D-4B40-814C-0AF34C3DB7E5}.Ad-Hoc|Any CPU.Build.0 = Release|Any CPU
		{90117B97-BC6D-4B40-814C-0AF34C3DB7E5}.Ad-Hoc|ARM.ActiveCfg = Release|Any CPU
		{90117B97-BC6D-4B40-814C-0AF34C3DB7E5}.Ad-Hoc|ARM.Build.0 = Release|Any CPU
		{90117B97-BC6D-4B40-814C-0AF34C3DB7E5}.Ad-Hoc|iPhone.ActiveCfg = Release|Any CPU
		{90117B97-BC6D-4B40-814C-0AF34C3DB7E5}.Ad-Hoc|iPhone.Build.0 = Release|Any CPU
		{90117B97-BC6D-4B40-814C-0AF34C3DB7E5}.Ad-Hoc|iPhoneSimulator.ActiveCfg = Release|Any CPU
		{90117B97-BC6D-4B40-814C-0AF34C3DB7E5}.Ad-Hoc|iPhoneSimulator.Build.0 = Release|Any CPU
		{90117B97-BC6D-4B40-814C-0AF34C3DB7E5}.Ad-Hoc|x64.ActiveCfg = Release|Any CPU
		{90117B97-BC6D-4B40-814C-0AF34C3DB7E5}.Ad-Hoc|x64.Build.0 = Release|Any CPU
		{90117B97-BC6D-4B40-814C-0AF34C3DB7E5}.Ad-Hoc|x86.ActiveCfg = Release|Any CPU
		{90117B97-BC6D-4B40-814C-0AF34C3DB7E5}.Ad-Hoc|x86.Build.0 = Release|Any CPU
		{90117B97-BC6D-4B40-814C-0AF34C3DB7E5}.AppStore|Any CPU.ActiveCfg = Release|Any CPU
		{90117B97-BC6D-4B40-814C-0AF34C3DB7E5}.AppStore|Any CPU.Build.0 = Release|Any CPU
		{90117B97-BC6D-4B40-814C-0AF34C3DB7E5}.AppStore|ARM.ActiveCfg = Release|Any CPU
		{90117B97-BC6D-4B40-814C-0AF34C3DB7E5}.AppStore|ARM.Build.0 = Release|Any CPU
		{90117B97-BC6D-4B40-814C-0AF34C3DB7E5}.AppStore|iPhone.ActiveCfg = Release|Any CPU
		{90117B97-BC6D-4B40-814C-0AF34C3DB7E5}.AppStore|iPhone.Build.0 = Release|Any CPU
		{90117B97-BC6D-4B40-814C-0AF34C3DB7E5}.AppStore|iPhoneSimulator.ActiveCfg = Release|Any CPU
		{90117B97-BC6D-4B40-814C-0AF34C3DB7E5}.AppStore|iPhoneSimulator.Build.0 = Release|Any CPU
		{90117B97-BC6D-4B40-814C-0AF34C3DB7E5}.AppStore|x64.ActiveCfg = Release|Any CPU
		{90117B97-BC6D-4B40-814C-0AF34C3DB7E5}.AppStore|x64.Build.0 = Release|Any CPU
		{90117B97-BC6D-4B40-814C-0AF34C3DB7E5}.AppStore|x86.ActiveCfg = Release|Any CPU
		{90117B97-BC6D-4B40-814C-0AF34C3DB7E5}.AppStore|x86.Build.0 = Release|Any CPU
		{90117B97-BC6D-4B40-814C-0AF34C3DB7E5}.Debug|Any CPU.ActiveCfg = Debug|Any CPU
		{90117B97-BC6D-4B40-814C-0AF34C3DB7E5}.Debug|Any CPU.Build.0 = Debug|Any CPU
		{90117B97-BC6D-4B40-814C-0AF34C3DB7E5}.Debug|ARM.ActiveCfg = Debug|Any CPU
		{90117B97-BC6D-4B40-814C-0AF34C3DB7E5}.Debug|ARM.Build.0 = Debug|Any CPU
		{90117B97-BC6D-4B40-814C-0AF34C3DB7E5}.Debug|iPhone.ActiveCfg = Debug|Any CPU
		{90117B97-BC6D-4B40-814C-0AF34C3DB7E5}.Debug|iPhone.Build.0 = Debug|Any CPU
		{90117B97-BC6D-4B40-814C-0AF34C3DB7E5}.Debug|iPhoneSimulator.ActiveCfg = Debug|Any CPU
		{90117B97-BC6D-4B40-814C-0AF34C3DB7E5}.Debug|iPhoneSimulator.Build.0 = Debug|Any CPU
		{90117B97-BC6D-4B40-814C-0AF34C3DB7E5}.Debug|x64.ActiveCfg = Debug|Any CPU
		{90117B97-BC6D-4B40-814C-0AF34C3DB7E5}.Debug|x64.Build.0 = Debug|Any CPU
		{90117B97-BC6D-4B40-814C-0AF34C3DB7E5}.Debug|x86.ActiveCfg = Debug|Any CPU
		{90117B97-BC6D-4B40-814C-0AF34C3DB7E5}.Debug|x86.Build.0 = Debug|Any CPU
		{90117B97-BC6D-4B40-814C-0AF34C3DB7E5}.Release|Any CPU.ActiveCfg = Release|Any CPU
		{90117B97-BC6D-4B40-814C-0AF34C3DB7E5}.Release|Any CPU.Build.0 = Release|Any CPU
		{90117B97-BC6D-4B40-814C-0AF34C3DB7E5}.Release|ARM.ActiveCfg = Release|Any CPU
		{90117B97-BC6D-4B40-814C-0AF34C3DB7E5}.Release|ARM.Build.0 = Release|Any CPU
		{90117B97-BC6D-4B40-814C-0AF34C3DB7E5}.Release|iPhone.ActiveCfg = Release|Any CPU
		{90117B97-BC6D-4B40-814C-0AF34C3DB7E5}.Release|iPhone.Build.0 = Release|Any CPU
		{90117B97-BC6D-4B40-814C-0AF34C3DB7E5}.Release|iPhoneSimulator.ActiveCfg = Release|Any CPU
		{90117B97-BC6D-4B40-814C-0AF34C3DB7E5}.Release|iPhoneSimulator.Build.0 = Release|Any CPU
		{90117B97-BC6D-4B40-814C-0AF34C3DB7E5}.Release|x64.ActiveCfg = Release|Any CPU
		{90117B97-BC6D-4B40-814C-0AF34C3DB7E5}.Release|x64.Build.0 = Release|Any CPU
		{90117B97-BC6D-4B40-814C-0AF34C3DB7E5}.Release|x86.ActiveCfg = Release|Any CPU
		{90117B97-BC6D-4B40-814C-0AF34C3DB7E5}.Release|x86.Build.0 = Release|Any CPU
	EndGlobalSection
	GlobalSection(SolutionProperties) = preSolution
		HideSolutionNode = FALSE
	EndGlobalSection
	GlobalSection(NestedProjects) = preSolution
		{843D62CA-BA8E-4949-B5C1-924837565EA8} = {39897446-013B-42A3-88D5-4B2FD02251FE}
		{BA298720-E85D-4F1B-81C0-DA8B5B024555} = {39897446-013B-42A3-88D5-4B2FD02251FE}
		{50857753-7921-4573-A414-2854F797B6B0} = {39897446-013B-42A3-88D5-4B2FD02251FE}
		{2536D280-1746-4EC5-AEA8-AE9D2817049C} = {1C180F22-771B-4B52-AEBA-F0951E559D40}
		{BBF1EDBF-20D2-4F1D-971B-CF5BA34B5E76} = {1C180F22-771B-4B52-AEBA-F0951E559D40}
		{90117B97-BC6D-4B40-814C-0AF34C3DB7E5} = {1C180F22-771B-4B52-AEBA-F0951E559D40}
	EndGlobalSection
	GlobalSection(ExtensibilityGlobals) = postSolution
		SolutionGuid = {A9E5E947-748B-438D-ABBF-6AB99BB3E0E3}
	EndGlobalSection
EndGlobal
