// !$*UTF8*$!
{
	archiveVersion = 1;
	classes = {
	};
	objectVersion = 50;
	objects = {

/* Begin PBXBuildFile section */
		087FF4362211B82B009E235B /* FountainSharpWrapperIOS.framework in Frameworks */ = {isa = PBXBuildFile; fileRef = 087FF4352211B82B009E235B /* FountainSharpWrapperIOS.framework */; settings = {ATTRIBUTES = (Required, ); }; };
		087FF4372211B94D009E235B /* FountainSharpWrapperIOS.framework in Frameworks */ = {isa = PBXBuildFile; fileRef = 087FF4352211B82B009E235B /* FountainSharpWrapperIOS.framework */; };
		087FF4382211B94D009E235B /* FountainSharpWrapperIOS.framework in Embed Frameworks */ = {isa = PBXBuildFile; fileRef = 087FF4352211B82B009E235B /* FountainSharpWrapperIOS.framework */; settings = {ATTRIBUTES = (CodeSignOnCopy, RemoveHeadersOnCopy, ); }; };
		088362FE21FF2A2500DD24B6 /* AppDelegate.m in Sources */ = {isa = PBXBuildFile; fileRef = 088362FD21FF2A2500DD24B6 /* AppDelegate.m */; };
		0883630121FF2A2500DD24B6 /* ViewController.m in Sources */ = {isa = PBXBuildFile; fileRef = 0883630021FF2A2500DD24B6 /* ViewController.m */; };
		0883630421FF2A2500DD24B6 /* Main.storyboard in Resources */ = {isa = PBXBuildFile; fileRef = 0883630221FF2A2500DD24B6 /* Main.storyboard */; };
		0883630621FF2A2600DD24B6 /* Assets.xcassets in Resources */ = {isa = PBXBuildFile; fileRef = 0883630521FF2A2600DD24B6 /* Assets.xcassets */; };
		0883630921FF2A2600DD24B6 /* LaunchScreen.storyboard in Resources */ = {isa = PBXBuildFile; fileRef = 0883630721FF2A2600DD24B6 /* LaunchScreen.storyboard */; };
		0883630C21FF2A2600DD24B6 /* main.m in Sources */ = {isa = PBXBuildFile; fileRef = 0883630B21FF2A2600DD24B6 /* main.m */; };
/* End PBXBuildFile section */

/* Begin PBXCopyFilesBuildPhase section */
		0883631621FF83CA00DD24B6 /* Embed Frameworks */ = {
			isa = PBXCopyFilesBuildPhase;
			buildActionMask = 2147483647;
			dstPath = "";
			dstSubfolderSpec = 10;
			files = (
				087FF4382211B94D009E235B /* FountainSharpWrapperIOS.framework in Embed Frameworks */,
			);
			name = "Embed Frameworks";
			runOnlyForDeploymentPostprocessing = 0;
		};
/* End PBXCopyFilesBuildPhase section */

/* Begin PBXFileReference section */
		087FF4352211B82B009E235B /* FountainSharpWrapperIOS.framework */ = {isa = PBXFileReference; lastKnownFileType = wrapper.framework; path = FountainSharpWrapperIOS.framework; sourceTree = "<group>"; };
		088362F921FF2A2500DD24B6 /* FountainView.app */ = {isa = PBXFileReference; explicitFileType = wrapper.application; includeInIndex = 0; path = FountainView.app; sourceTree = BUILT_PRODUCTS_DIR; };
		088362FC21FF2A2500DD24B6 /* AppDelegate.h */ = {isa = PBXFileReference; lastKnownFileType = sourcecode.c.h; path = AppDelegate.h; sourceTree = "<group>"; };
		088362FD21FF2A2500DD24B6 /* AppDelegate.m */ = {isa = PBXFileReference; lastKnownFileType = sourcecode.c.objc; path = AppDelegate.m; sourceTree = "<group>"; };
		088362FF21FF2A2500DD24B6 /* ViewController.h */ = {isa = PBXFileReference; lastKnownFileType = sourcecode.c.h; path = ViewController.h; sourceTree = "<group>"; };
		0883630021FF2A2500DD24B6 /* ViewController.m */ = {isa = PBXFileReference; lastKnownFileType = sourcecode.c.objc; path = ViewController.m; sourceTree = "<group>"; };
		0883630321FF2A2500DD24B6 /* Base */ = {isa = PBXFileReference; lastKnownFileType = file.storyboard; name = Base; path = Base.lproj/Main.storyboard; sourceTree = "<group>"; };
		0883630521FF2A2600DD24B6 /* Assets.xcassets */ = {isa = PBXFileReference; lastKnownFileType = folder.assetcatalog; path = Assets.xcassets; sourceTree = "<group>"; };
		0883630821FF2A2600DD24B6 /* Base */ = {isa = PBXFileReference; lastKnownFileType = file.storyboard; name = Base; path = Base.lproj/LaunchScreen.storyboard; sourceTree = "<group>"; };
		0883630A21FF2A2600DD24B6 /* Info.plist */ = {isa = PBXFileReference; lastKnownFileType = text.plist.xml; path = Info.plist; sourceTree = "<group>"; };
		0883630B21FF2A2600DD24B6 /* main.m */ = {isa = PBXFileReference; lastKnownFileType = sourcecode.c.objc; path = main.m; sourceTree = "<group>"; };
/* End PBXFileReference section */

/* Begin PBXFrameworksBuildPhase section */
		088362F621FF2A2500DD24B6 /* Frameworks */ = {
			isa = PBXFrameworksBuildPhase;
			buildActionMask = 2147483647;
			files = (
				087FF4362211B82B009E235B /* FountainSharpWrapperIOS.framework in Frameworks */,
				087FF4372211B94D009E235B /* FountainSharpWrapperIOS.framework in Frameworks */,
			);
			runOnlyForDeploymentPostprocessing = 0;
		};
/* End PBXFrameworksBuildPhase section */

/* Begin PBXGroup section */
		088362F021FF2A2500DD24B6 = {
			isa = PBXGroup;
			children = (
				087FF4352211B82B009E235B /* FountainSharpWrapperIOS.framework */,
				088362FB21FF2A2500DD24B6 /* FountainView */,
				088362FA21FF2A2500DD24B6 /* Products */,
			);
			sourceTree = "<group>";
		};
		088362FA21FF2A2500DD24B6 /* Products */ = {
			isa = PBXGroup;
			children = (
				088362F921FF2A2500DD24B6 /* FountainView.app */,
			);
			name = Products;
			sourceTree = "<group>";
		};
		088362FB21FF2A2500DD24B6 /* FountainView */ = {
			isa = PBXGroup;
			children = (
				088362FC21FF2A2500DD24B6 /* AppDelegate.h */,
				088362FD21FF2A2500DD24B6 /* AppDelegate.m */,
				088362FF21FF2A2500DD24B6 /* ViewController.h */,
				0883630021FF2A2500DD24B6 /* ViewController.m */,
				0883630221FF2A2500DD24B6 /* Main.storyboard */,
				0883630521FF2A2600DD24B6 /* Assets.xcassets */,
				0883630721FF2A2600DD24B6 /* LaunchScreen.storyboard */,
				0883630A21FF2A2600DD24B6 /* Info.plist */,
				0883630B21FF2A2600DD24B6 /* main.m */,
			);
			path = FountainView;
			sourceTree = "<group>";
		};
/* End PBXGroup section */

/* Begin PBXNativeTarget section */
		088362F821FF2A2500DD24B6 /* FountainView */ = {
			isa = PBXNativeTarget;
			buildConfigurationList = 0883630F21FF2A2600DD24B6 /* Build configuration list for PBXNativeTarget "FountainView" */;
			buildPhases = (
				088362F521FF2A2500DD24B6 /* Sources */,
				088362F621FF2A2500DD24B6 /* Frameworks */,
				088362F721FF2A2500DD24B6 /* Resources */,
				0883631621FF83CA00DD24B6 /* Embed Frameworks */,
			);
			buildRules = (
			);
			dependencies = (
			);
			name = FountainView;
			productName = FountainView;
			productReference = 088362F921FF2A2500DD24B6 /* FountainView.app */;
			productType = "com.apple.product-type.application";
		};
/* End PBXNativeTarget section */

/* Begin PBXProject section */
		088362F121FF2A2500DD24B6 /* Project object */ = {
			isa = PBXProject;
			attributes = {
				LastUpgradeCheck = 1010;
				ORGANIZATIONNAME = Microsoft;
				TargetAttributes = {
					088362F821FF2A2500DD24B6 = {
						CreatedOnToolsVersion = 10.1;
					};
				};
			};
			buildConfigurationList = 088362F421FF2A2500DD24B6 /* Build configuration list for PBXProject "FountainView" */;
			compatibilityVersion = "Xcode 9.3";
			developmentRegion = en;
			hasScannedForEncodings = 0;
			knownRegions = (
				en,
				Base,
			);
			mainGroup = 088362F021FF2A2500DD24B6;
			productRefGroup = 088362FA21FF2A2500DD24B6 /* Products */;
			projectDirPath = "";
			projectRoot = "";
			targets = (
				088362F821FF2A2500DD24B6 /* FountainView */,
			);
		};
/* End PBXProject section */

/* Begin PBXResourcesBuildPhase section */
		088362F721FF2A2500DD24B6 /* Resources */ = {
			isa = PBXResourcesBuildPhase;
			buildActionMask = 2147483647;
			files = (
				0883630921FF2A2600DD24B6 /* LaunchScreen.storyboard in Resources */,
				0883630621FF2A2600DD24B6 /* Assets.xcassets in Resources */,
				0883630421FF2A2500DD24B6 /* Main.storyboard in Resources */,
			);
			runOnlyForDeploymentPostprocessing = 0;
		};
/* End PBXResourcesBuildPhase section */

/* Begin PBXSourcesBuildPhase section */
		088362F521FF2A2500DD24B6 /* Sources */ = {
			isa = PBXSourcesBuildPhase;
			buildActionMask = 2147483647;
			files = (
				0883630121FF2A2500DD24B6 /* ViewController.m in Sources */,
				0883630C21FF2A2600DD24B6 /* main.m in Sources */,
				088362FE21FF2A2500DD24B6 /* AppDelegate.m in Sources */,
			);
			runOnlyForDeploymentPostprocessing = 0;
		};
/* End PBXSourcesBuildPhase section */

/* Begin PBXVariantGroup section */
		0883630221FF2A2500DD24B6 /* Main.storyboard */ = {
			isa = PBXVariantGroup;
			children = (
				0883630321FF2A2500DD24B6 /* Base */,
			);
			name = Main.storyboard;
			sourceTree = "<group>";
		};
		0883630721FF2A2600DD24B6 /* LaunchScreen.storyboard */ = {
			isa = PBXVariantGroup;
			children = (
				0883630821FF2A2600DD24B6 /* Base */,
			);
			name = LaunchScreen.storyboard;
			sourceTree = "<group>";
		};
/* End PBXVariantGroup section */

/* Begin XCBuildConfiguration section */
		0883630D21FF2A2600DD24B6 /* Debug */ = {
			isa = XCBuildConfiguration;
			buildSettings = {
				ALWAYS_SEARCH_USER_PATHS = NO;
				CLANG_ANALYZER_NONNULL = YES;
				CLANG_ANALYZER_NUMBER_OBJECT_CONVERSION = YES_AGGRESSIVE;
				CLANG_CXX_LANGUAGE_STANDARD = "gnu++14";
				CLANG_CXX_LIBRARY = "libc++";
				CLANG_ENABLE_MODULES = YES;
				CLANG_ENABLE_OBJC_ARC = YES;
				CLANG_ENABLE_OBJC_WEAK = YES;
				CLANG_WARN_BLOCK_CAPTURE_AUTORELEASING = YES;
				CLANG_WARN_BOOL_CONVERSION = YES;
				CLANG_WARN_COMMA = YES;
				CLANG_WARN_CONSTANT_CONVERSION = YES;
				CLANG_WARN_DEPRECATED_OBJC_IMPLEMENTATIONS = YES;
				CLANG_WARN_DIRECT_OBJC_ISA_USAGE = YES_ERROR;
				CLANG_WARN_DOCUMENTATION_COMMENTS = YES;
				CLANG_WARN_EMPTY_BODY = YES;
				CLANG_WARN_ENUM_CONVERSION = YES;
				CLANG_WARN_INFINITE_RECURSION = YES;
				CLANG_WARN_INT_CONVERSION = YES;
				CLANG_WARN_NON_LITERAL_NULL_CONVERSION = YES;
				CLANG_WARN_OBJC_IMPLICIT_RETAIN_SELF = YES;
				CLANG_WARN_OBJC_LITERAL_CONVERSION = YES;
				CLANG_WARN_OBJC_ROOT_CLASS = YES_ERROR;
				CLANG_WARN_RANGE_LOOP_ANALYSIS = YES;
				CLANG_WARN_STRICT_PROTOTYPES = YES;
				CLANG_WARN_SUSPICIOUS_MOVE = YES;
				CLANG_WARN_UNGUARDED_AVAILABILITY = YES_AGGRESSIVE;
				CLANG_WARN_UNREACHABLE_CODE = YES;
				CLANG_WARN__DUPLICATE_METHOD_MATCH = YES;
				CODE_SIGN_IDENTITY = "iPhone Developer";
				COPY_PHASE_STRIP = NO;
				DEBUG_INFORMATION_FORMAT = dwarf;
				ENABLE_STRICT_OBJC_MSGSEND = YES;
				ENABLE_TESTABILITY = YES;
				GCC_C_LANGUAGE_STANDARD = gnu11;
				GCC_DYNAMIC_NO_PIC = NO;
				GCC_NO_COMMON_BLOCKS = YES;
				GCC_OPTIMIZATION_LEVEL = 0;
				GCC_PREPROCESSOR_DEFINITIONS = (
					"DEBUG=1",
					"$(inherited)",
				);
				GCC_WARN_64_TO_32_BIT_CONVERSION = YES;
				GCC_WARN_ABOUT_RETURN_TYPE = YES_ERROR;
				GCC_WARN_UNDECLARED_SELECTOR = YES;
				GCC_WARN_UNINITIALIZED_AUTOS = YES_AGGRESSIVE;
				GCC_WARN_UNUSED_FUNCTION = YES;
				GCC_WARN_UNUSED_VARIABLE = YES;
				IPHONEOS_DEPLOYMENT_TARGET = 12.1;
				MTL_ENABLE_DEBUG_INFO = INCLUDE_SOURCE;
				MTL_FAST_MATH = YES;
				ONLY_ACTIVE_ARCH = YES;
				SDKROOT = iphoneos;
			};
			name = Debug;
		};
		0883630E21FF2A2600DD24B6 /* Release */ = {
			isa = XCBuildConfiguration;
			buildSettings = {
				ALWAYS_SEARCH_USER_PATHS = NO;
				CLANG_ANALYZER_NONNULL = YES;
				CLANG_ANALYZER_NUMBER_OBJECT_CONVERSION = YES_AGGRESSIVE;
				CLANG_CXX_LANGUAGE_STANDARD = "gnu++14";
				CLANG_CXX_LIBRARY = "libc++";
				CLANG_ENABLE_MODULES = YES;
				CLANG_ENABLE_OBJC_ARC = YES;
				CLANG_ENABLE_OBJC_WEAK = YES;
				CLANG_WARN_BLOCK_CAPTURE_AUTORELEASING = YES;
				CLANG_WARN_BOOL_CONVERSION = YES;
				CLANG_WARN_COMMA = YES;
				CLANG_WARN_CONSTANT_CONVERSION = YES;
				CLANG_WARN_DEPRECATED_OBJC_IMPLEMENTATIONS = YES;
				CLANG_WARN_DIRECT_OBJC_ISA_USAGE = YES_ERROR;
				CLANG_WARN_DOCUMENTATION_COMMENTS = YES;
				CLANG_WARN_EMPTY_BODY = YES;
				CLANG_WARN_ENUM_CONVERSION = YES;
				CLANG_WARN_INFINITE_RECURSION = YES;
				CLANG_WARN_INT_CONVERSION = YES;
				CLANG_WARN_NON_LITERAL_NULL_CONVERSION = YES;
				CLANG_WARN_OBJC_IMPLICIT_RETAIN_SELF = YES;
				CLANG_WARN_OBJC_LITERAL_CONVERSION = YES;
				CLANG_WARN_OBJC_ROOT_CLASS = YES_ERROR;
				CLANG_WARN_RANGE_LOOP_ANALYSIS = YES;
				CLANG_WARN_STRICT_PROTOTYPES = YES;
				CLANG_WARN_SUSPICIOUS_MOVE = YES;
				CLANG_WARN_UNGUARDED_AVAILABILITY = YES_AGGRESSIVE;
				CLANG_WARN_UNREACHABLE_CODE = YES;
				CLANG_WARN__DUPLICATE_METHOD_MATCH = YES;
				CODE_SIGN_IDENTITY = "iPhone Developer";
				COPY_PHASE_STRIP = NO;
				DEBUG_INFORMATION_FORMAT = "dwarf-with-dsym";
				ENABLE_NS_ASSERTIONS = NO;
				ENABLE_STRICT_OBJC_MSGSEND = YES;
				GCC_C_LANGUAGE_STANDARD = gnu11;
				GCC_NO_COMMON_BLOCKS = YES;
				GCC_WARN_64_TO_32_BIT_CONVERSION = YES;
				GCC_WARN_ABOUT_RETURN_TYPE = YES_ERROR;
				GCC_WARN_UNDECLARED_SELECTOR = YES;
				GCC_WARN_UNINITIALIZED_AUTOS = YES_AGGRESSIVE;
				GCC_WARN_UNUSED_FUNCTION = YES;
				GCC_WARN_UNUSED_VARIABLE = YES;
				IPHONEOS_DEPLOYMENT_TARGET = 12.1;
				MTL_ENABLE_DEBUG_INFO = NO;
				MTL_FAST_MATH = YES;
				SDKROOT = iphoneos;
				VALIDATE_PRODUCT = YES;
			};
			name = Release;
		};
		0883631021FF2A2600DD24B6 /* Debug */ = {
			isa = XCBuildConfiguration;
			buildSettings = {
				ASSETCATALOG_COMPILER_APPICON_NAME = AppIcon;
				CODE_SIGN_STYLE = Automatic;
				DEVELOPMENT_TEAM = 5TNWH5JMNK;
				FRAMEWORK_SEARCH_PATHS = (
					"$(inherited)",
					"$(PROJECT_DIR)",
				);
				INFOPLIST_FILE = FountainView/Info.plist;
				LD_RUNPATH_SEARCH_PATHS = (
					"$(inherited)",
					"@executable_path/Frameworks",
				);
				PRODUCT_BUNDLE_IDENTIFIER = MobCat.FountainView;
				PRODUCT_NAME = "$(TARGET_NAME)";
				TARGETED_DEVICE_FAMILY = "1,2";
			};
			name = Debug;
		};
		0883631121FF2A2600DD24B6 /* Release */ = {
			isa = XCBuildConfiguration;
			buildSettings = {
				ASSETCATALOG_COMPILER_APPICON_NAME = AppIcon;
				CODE_SIGN_STYLE = Automatic;
				DEVELOPMENT_TEAM = 5TNWH5JMNK;
				FRAMEWORK_SEARCH_PATHS = (
					"$(inherited)",
					"$(PROJECT_DIR)",
				);
				INFOPLIST_FILE = FountainView/Info.plist;
				LD_RUNPATH_SEARCH_PATHS = (
					"$(inherited)",
					"@executable_path/Frameworks",
				);
				PRODUCT_BUNDLE_IDENTIFIER = MobCat.FountainView;
				PRODUCT_NAME = "$(TARGET_NAME)";
				TARGETED_DEVICE_FAMILY = "1,2";
			};
			name = Release;
		};
/* End XCBuildConfiguration section */

/* Begin XCConfigurationList section */
		088362F421FF2A2500DD24B6 /* Build configuration list for PBXProject "FountainView" */ = {
			isa = XCConfigurationList;
			buildConfigurations = (
				0883630D21FF2A2600DD24B6 /* Debug */,
				0883630E21FF2A2600DD24B6 /* Release */,
			);
			defaultConfigurationIsVisible = 0;
			defaultConfigurationName = Release;
		};
		0883630F21FF2A2600DD24B6 /* Build configuration list for PBXNativeTarget "FountainView" */ = {
			isa = XCConfigurationList;
			buildConfigurations = (
				0883631021FF2A2600DD24B6 /* Debug */,
				0883631121FF2A2600DD24B6 /* Release */,
			);
			defaultConfigurationIsVisible = 0;
			defaultConfigurationName = Release;
		};
/* End XCConfigurationList section */
	};
	rootObject = 088362F121FF2A2500DD24B6 /* Project object */;
}
