
Microsoft Visual Studio Solution File, Format Version 12.00
# Visual Studio 15
Project("{FAE04EC0-301F-11D3-BF4B-00C04F79EFBC}") = "FountainLib.Droid", "FountainLib.Droid\FountainLib.Droid.csproj", "{15B2DA2B-5C55-4027-BF39-7A3C20F1FC9C}"
EndProject
Global
	GlobalSection(SolutionConfigurationPlatforms) = preSolution
		Debug|Any CPU = Debug|Any CPU
		Release|Any CPU = Release|Any CPU
	EndGlobalSection
	GlobalSection(ProjectConfigurationPlatforms) = postSolution
		{15B2DA2B-5C55-4027-BF39-7A3C20F1FC9C}.Debug|Any CPU.ActiveCfg = Debug|Any CPU
		{15B2DA2B-5C55-4027-BF39-7A3C20F1FC9C}.Debug|Any CPU.Build.0 = Debug|Any CPU
		{15B2DA2B-5C55-4027-BF39-7A3C20F1FC9C}.Release|Any CPU.ActiveCfg = Release|Any CPU
		{15B2DA2B-5C55-4027-BF39-7A3C20F1FC9C}.Release|Any CPU.Build.0 = Release|Any CPU
	EndGlobalSection
EndGlobal
