
Microsoft Visual Studio Solution File, Format Version 12.00
# Visual Studio 15
Project("{FAE04EC0-301F-11D3-BF4B-00C04F79EFBC}") = "FountainSharpWrapperIOS", "FountainSharpWrapperIOS\FountainSharpWrapperIOS.csproj", "{84E36D9C-AEF8-4E9B-B6DA-6AF123D30F91}"
EndProject
Project("{FAE04EC0-301F-11D3-BF4B-00C04F79EFBC}") = "FountainSharpWrapperDroid", "FountainSharpWrapperDroid\FountainSharpWrapperDroid.csproj", "{208941E6-48D6-4D7B-B740-4113BFBFDB97}"
EndProject
Global
	GlobalSection(SolutionConfigurationPlatforms) = preSolution
		Debug|Any CPU = Debug|Any CPU
		Release|Any CPU = Release|Any CPU
	EndGlobalSection
	GlobalSection(ProjectConfigurationPlatforms) = postSolution
		{84E36D9C-AEF8-4E9B-B6DA-6AF123D30F91}.Debug|Any CPU.ActiveCfg = Debug|Any CPU
		{84E36D9C-AEF8-4E9B-B6DA-6AF123D30F91}.Debug|Any CPU.Build.0 = Debug|Any CPU
		{84E36D9C-AEF8-4E9B-B6DA-6AF123D30F91}.Release|Any CPU.ActiveCfg = Release|Any CPU
		{84E36D9C-AEF8-4E9B-B6DA-6AF123D30F91}.Release|Any CPU.Build.0 = Release|Any CPU
		{208941E6-48D6-4D7B-B740-4113BFBFDB97}.Debug|Any CPU.ActiveCfg = Debug|Any CPU
		{208941E6-48D6-4D7B-B740-4113BFBFDB97}.Debug|Any CPU.Build.0 = Debug|Any CPU
		{208941E6-48D6-4D7B-B740-4113BFBFDB97}.Release|Any CPU.ActiveCfg = Release|Any CPU
		{208941E6-48D6-4D7B-B740-4113BFBFDB97}.Release|Any CPU.Build.0 = Release|Any CPU
	EndGlobalSection
EndGlobal
