
Microsoft Visual Studio Solution File, Format Version 12.00
# Visual Studio 15
Project("{FAE04EC0-301F-11D3-BF4B-00C04F79EFBC}") = "MobCATShell.Forms.Android", "MobCATShell.Forms.Android\MobCATShell.Forms.Android.csproj", "{9D212C4F-001D-4C63-9CBF-54B4FD9A5527}"
EndProject
Project("{FAE04EC0-301F-11D3-BF4B-00C04F79EFBC}") = "MobCATShell.Forms.iOS", "MobCATShell.Forms.iOS\MobCATShell.Forms.iOS.csproj", "{DAB8CB28-CF40-42F7-8E7C-E73C4AC7CB59}"
EndProject
Project("{FAE04EC0-301F-11D3-BF4B-00C04F79EFBC}") = "MobCATShell.Forms", "MobCATShell.Forms\MobCATShell.Forms.csproj", "{7BA11FF7-47FE-4E48-B5CB-552D80D57ECF}"
EndProject
Project("{FAE04EC0-301F-11D3-BF4B-00C04F79EFBC}") = "MobCAT.Forms", "..\..\..\..\..\mobcat_shared\MobCAT.Forms\MobCAT.Forms.csproj", "{23FF7948-1D0B-405F-AE46-5AC8748E0D2B}"
EndProject
Project("{FAE04EC0-301F-11D3-BF4B-00C04F79EFBC}") = "MobCAT", "..\..\..\..\..\mobcat_shared\MobCAT\MobCAT.csproj", "{07E32C55-081D-4F57-99FC-8C506BF80ABB}"
EndProject
Global
	GlobalSection(SolutionConfigurationPlatforms) = preSolution
		Debug|Any CPU = Debug|Any CPU
		Release|Any CPU = Release|Any CPU
		Debug|iPhoneSimulator = Debug|iPhoneSimulator
		Release|iPhoneSimulator = Release|iPhoneSimulator
		Debug|iPhone = Debug|iPhone
		Release|iPhone = Release|iPhone
	EndGlobalSection
	GlobalSection(ProjectConfigurationPlatforms) = postSolution
		{9D212C4F-001D-4C63-9CBF-54B4FD9A5527}.Debug|Any CPU.ActiveCfg = Debug|Any CPU
		{9D212C4F-001D-4C63-9CBF-54B4FD9A5527}.Debug|Any CPU.Build.0 = Debug|Any CPU
		{9D212C4F-001D-4C63-9CBF-54B4FD9A5527}.Release|Any CPU.ActiveCfg = Release|Any CPU
		{9D212C4F-001D-4C63-9CBF-54B4FD9A5527}.Release|Any CPU.Build.0 = Release|Any CPU
		{9D212C4F-001D-4C63-9CBF-54B4FD9A5527}.Debug|iPhoneSimulator.ActiveCfg = Debug|Any CPU
		{9D212C4F-001D-4C63-9CBF-54B4FD9A5527}.Debug|iPhoneSimulator.Build.0 = Debug|Any CPU
		{9D212C4F-001D-4C63-9CBF-54B4FD9A5527}.Release|iPhoneSimulator.ActiveCfg = Release|Any CPU
		{9D212C4F-001D-4C63-9CBF-54B4FD9A5527}.Release|iPhoneSimulator.Build.0 = Release|Any CPU
		{9D212C4F-001D-4C63-9CBF-54B4FD9A5527}.Debug|iPhone.ActiveCfg = Debug|Any CPU
		{9D212C4F-001D-4C63-9CBF-54B4FD9A5527}.Debug|iPhone.Build.0 = Debug|Any CPU
		{9D212C4F-001D-4C63-9CBF-54B4FD9A5527}.Release|iPhone.ActiveCfg = Release|Any CPU
		{9D212C4F-001D-4C63-9CBF-54B4FD9A5527}.Release|iPhone.Build.0 = Release|Any CPU
		{DAB8CB28-CF40-42F7-8E7C-E73C4AC7CB59}.Debug|Any CPU.ActiveCfg = Debug|iPhoneSimulator
		{DAB8CB28-CF40-42F7-8E7C-E73C4AC7CB59}.Debug|Any CPU.Build.0 = Debug|iPhoneSimulator
		{DAB8CB28-CF40-42F7-8E7C-E73C4AC7CB59}.Release|Any CPU.ActiveCfg = Release|iPhoneSimulator
		{DAB8CB28-CF40-42F7-8E7C-E73C4AC7CB59}.Release|Any CPU.Build.0 = Release|iPhoneSimulator
		{DAB8CB28-CF40-42F7-8E7C-E73C4AC7CB59}.Debug|iPhoneSimulator.ActiveCfg = Debug|iPhoneSimulator
		{DAB8CB28-CF40-42F7-8E7C-E73C4AC7CB59}.Debug|iPhoneSimulator.Build.0 = Debug|iPhoneSimulator
		{DAB8CB28-CF40-42F7-8E7C-E73C4AC7CB59}.Release|iPhoneSimulator.ActiveCfg = Release|iPhoneSimulator
		{DAB8CB28-CF40-42F7-8E7C-E73C4AC7CB59}.Release|iPhoneSimulator.Build.0 = Release|iPhoneSimulator
		{DAB8CB28-CF40-42F7-8E7C-E73C4AC7CB59}.Debug|iPhone.ActiveCfg = Debug|iPhone
		{DAB8CB28-CF40-42F7-8E7C-E73C4AC7CB59}.Debug|iPhone.Build.0 = Debug|iPhone
		{DAB8CB28-CF40-42F7-8E7C-E73C4AC7CB59}.Release|iPhone.ActiveCfg = Release|iPhone
		{DAB8CB28-CF40-42F7-8E7C-E73C4AC7CB59}.Release|iPhone.Build.0 = Release|iPhone
		{7BA11FF7-47FE-4E48-B5CB-552D80D57ECF}.Debug|Any CPU.ActiveCfg = Debug|Any CPU
		{7BA11FF7-47FE-4E48-B5CB-552D80D57ECF}.Debug|Any CPU.Build.0 = Debug|Any CPU
		{7BA11FF7-47FE-4E48-B5CB-552D80D57ECF}.Release|Any CPU.ActiveCfg = Release|Any CPU
		{7BA11FF7-47FE-4E48-B5CB-552D80D57ECF}.Release|Any CPU.Build.0 = Release|Any CPU
		{7BA11FF7-47FE-4E48-B5CB-552D80D57ECF}.Debug|iPhoneSimulator.ActiveCfg = Debug|Any CPU
		{7BA11FF7-47FE-4E48-B5CB-552D80D57ECF}.Debug|iPhoneSimulator.Build.0 = Debug|Any CPU
		{7BA11FF7-47FE-4E48-B5CB-552D80D57ECF}.Release|iPhoneSimulator.ActiveCfg = Release|Any CPU
		{7BA11FF7-47FE-4E48-B5CB-552D80D57ECF}.Release|iPhoneSimulator.Build.0 = Release|Any CPU
		{7BA11FF7-47FE-4E48-B5CB-552D80D57ECF}.Debug|iPhone.ActiveCfg = Debug|Any CPU
		{7BA11FF7-47FE-4E48-B5CB-552D80D57ECF}.Debug|iPhone.Build.0 = Debug|Any CPU
		{7BA11FF7-47FE-4E48-B5CB-552D80D57ECF}.Release|iPhone.ActiveCfg = Release|Any CPU
		{7BA11FF7-47FE-4E48-B5CB-552D80D57ECF}.Release|iPhone.Build.0 = Release|Any CPU
		{23FF7948-1D0B-405F-AE46-5AC8748E0D2B}.Debug|Any CPU.ActiveCfg = Debug|Any CPU
		{23FF7948-1D0B-405F-AE46-5AC8748E0D2B}.Debug|Any CPU.Build.0 = Debug|Any CPU
		{23FF7948-1D0B-405F-AE46-5AC8748E0D2B}.Release|Any CPU.ActiveCfg = Release|Any CPU
		{23FF7948-1D0B-405F-AE46-5AC8748E0D2B}.Release|Any CPU.Build.0 = Release|Any CPU
		{23FF7948-1D0B-405F-AE46-5AC8748E0D2B}.Debug|iPhoneSimulator.ActiveCfg = Debug|Any CPU
		{23FF7948-1D0B-405F-AE46-5AC8748E0D2B}.Debug|iPhoneSimulator.Build.0 = Debug|Any CPU
		{23FF7948-1D0B-405F-AE46-5AC8748E0D2B}.Release|iPhoneSimulator.ActiveCfg = Release|Any CPU
		{23FF7948-1D0B-405F-AE46-5AC8748E0D2B}.Release|iPhoneSimulator.Build.0 = Release|Any CPU
		{23FF7948-1D0B-405F-AE46-5AC8748E0D2B}.Debug|iPhone.ActiveCfg = Debug|Any CPU
		{23FF7948-1D0B-405F-AE46-5AC8748E0D2B}.Debug|iPhone.Build.0 = Debug|Any CPU
		{23FF7948-1D0B-405F-AE46-5AC8748E0D2B}.Release|iPhone.ActiveCfg = Release|Any CPU
		{23FF7948-1D0B-405F-AE46-5AC8748E0D2B}.Release|iPhone.Build.0 = Release|Any CPU
		{07E32C55-081D-4F57-99FC-8C506BF80ABB}.Debug|Any CPU.ActiveCfg = Debug|Any CPU
		{07E32C55-081D-4F57-99FC-8C506BF80ABB}.Debug|Any CPU.Build.0 = Debug|Any CPU
		{07E32C55-081D-4F57-99FC-8C506BF80ABB}.Release|Any CPU.ActiveCfg = Release|Any CPU
		{07E32C55-081D-4F57-99FC-8C506BF80ABB}.Release|Any CPU.Build.0 = Release|Any CPU
		{07E32C55-081D-4F57-99FC-8C506BF80ABB}.Debug|iPhoneSimulator.ActiveCfg = Debug|Any CPU
		{07E32C55-081D-4F57-99FC-8C506BF80ABB}.Debug|iPhoneSimulator.Build.0 = Debug|Any CPU
		{07E32C55-081D-4F57-99FC-8C506BF80ABB}.Release|iPhoneSimulator.ActiveCfg = Release|Any CPU
		{07E32C55-081D-4F57-99FC-8C506BF80ABB}.Release|iPhoneSimulator.Build.0 = Release|Any CPU
		{07E32C55-081D-4F57-99FC-8C506BF80ABB}.Debug|iPhone.ActiveCfg = Debug|Any CPU
		{07E32C55-081D-4F57-99FC-8C506BF80ABB}.Debug|iPhone.Build.0 = Debug|Any CPU
		{07E32C55-081D-4F57-99FC-8C506BF80ABB}.Release|iPhone.ActiveCfg = Release|Any CPU
		{07E32C55-081D-4F57-99FC-8C506BF80ABB}.Release|iPhone.Build.0 = Release|Any CPU
	EndGlobalSection
EndGlobal
