
Microsoft Visual Studio Solution File, Format Version 12.00
# Visual Studio 15
VisualStudioVersion = 15.0.28307.102
MinimumVisualStudioVersion = 10.0.40219.1
Project("{9A19103F-16F7-4668-BE54-9A1E7A4F7556}") = "AssemblyToProcess", "AssemblyToProcess\AssemblyToProcess.csproj", "{4A054484-D5B6-408D-BF2E-AC0F73A816A0}"
EndProject
Project("{9A19103F-16F7-4668-BE54-9A1E7A4F7556}") = "ClientSecrets", "ClientSecrets\ClientSecrets.csproj", "{BE010C02-5D97-4751-B241-D81B0DE114C2}"
	ProjectSection(ProjectDependencies) = postProject
		{9046255E-6D06-47B5-A10E-297578228C05} = {9046255E-6D06-47B5-A10E-297578228C05}
	EndProjectSection
EndProject
Project("{9A19103F-16F7-4668-BE54-9A1E7A4F7556}") = "ClientSecrets.Fody", "ClientSecrets.Fody\ClientSecrets.Fody.csproj", "{9046255E-6D06-47B5-A10E-297578228C05}"
EndProject
Project("{2150E333-8FDC-42A3-9474-1A3956D46DE8}") = "Package", "Package", "{A1C084D8-75B7-4E3F-AB61-96FD2BA6F6E4}"
EndProject
Project("{2150E333-8FDC-42A3-9474-1A3956D46DE8}") = "Tests", "Tests", "{4EBAF78C-71D5-40CD-B549-5AC567632FB0}"
EndProject
Project("{2150E333-8FDC-42A3-9474-1A3956D46DE8}") = "Solution Items", "Solution Items", "{FD6BCC96-581A-44E7-90B1-241225B8AA23}"
	ProjectSection(SolutionItems) = preProject
		Directory.Build.props = Directory.Build.props
	EndProjectSection
EndProject
Project("{9A19103F-16F7-4668-BE54-9A1E7A4F7556}") = "Tests", "Tests\Tests.csproj", "{4C1BB102-568F-4523-9082-69ED9DB0779F}"
EndProject
Global
	GlobalSection(SolutionConfigurationPlatforms) = preSolution
		Debug|Any CPU = Debug|Any CPU
		Release|Any CPU = Release|Any CPU
	EndGlobalSection
	GlobalSection(ProjectConfigurationPlatforms) = postSolution
		{4A054484-D5B6-408D-BF2E-AC0F73A816A0}.Debug|Any CPU.ActiveCfg = Debug|Any CPU
		{4A054484-D5B6-408D-BF2E-AC0F73A816A0}.Debug|Any CPU.Build.0 = Debug|Any CPU
		{4A054484-D5B6-408D-BF2E-AC0F73A816A0}.Release|Any CPU.ActiveCfg = Release|Any CPU
		{4A054484-D5B6-408D-BF2E-AC0F73A816A0}.Release|Any CPU.Build.0 = Release|Any CPU
		{BE010C02-5D97-4751-B241-D81B0DE114C2}.Debug|Any CPU.ActiveCfg = Debug|Any CPU
		{BE010C02-5D97-4751-B241-D81B0DE114C2}.Debug|Any CPU.Build.0 = Debug|Any CPU
		{BE010C02-5D97-4751-B241-D81B0DE114C2}.Release|Any CPU.ActiveCfg = Release|Any CPU
		{BE010C02-5D97-4751-B241-D81B0DE114C2}.Release|Any CPU.Build.0 = Release|Any CPU
		{9046255E-6D06-47B5-A10E-297578228C05}.Debug|Any CPU.ActiveCfg = Debug|Any CPU
		{9046255E-6D06-47B5-A10E-297578228C05}.Debug|Any CPU.Build.0 = Debug|Any CPU
		{9046255E-6D06-47B5-A10E-297578228C05}.Release|Any CPU.ActiveCfg = Release|Any CPU
		{9046255E-6D06-47B5-A10E-297578228C05}.Release|Any CPU.Build.0 = Release|Any CPU
		{4C1BB102-568F-4523-9082-69ED9DB0779F}.Debug|Any CPU.ActiveCfg = Debug|Any CPU
		{4C1BB102-568F-4523-9082-69ED9DB0779F}.Debug|Any CPU.Build.0 = Debug|Any CPU
		{4C1BB102-568F-4523-9082-69ED9DB0779F}.Release|Any CPU.ActiveCfg = Release|Any CPU
		{4C1BB102-568F-4523-9082-69ED9DB0779F}.Release|Any CPU.Build.0 = Release|Any CPU
	EndGlobalSection
	GlobalSection(SolutionProperties) = preSolution
		HideSolutionNode = FALSE
	EndGlobalSection
	GlobalSection(NestedProjects) = preSolution
		{4A054484-D5B6-408D-BF2E-AC0F73A816A0} = {4EBAF78C-71D5-40CD-B549-5AC567632FB0}
		{BE010C02-5D97-4751-B241-D81B0DE114C2} = {A1C084D8-75B7-4E3F-AB61-96FD2BA6F6E4}
		{9046255E-6D06-47B5-A10E-297578228C05} = {A1C084D8-75B7-4E3F-AB61-96FD2BA6F6E4}
		{4C1BB102-568F-4523-9082-69ED9DB0779F} = {4EBAF78C-71D5-40CD-B549-5AC567632FB0}
	EndGlobalSection
	GlobalSection(ExtensibilityGlobals) = postSolution
		SolutionGuid = {4C4DCCEF-5843-4884-9A82-89717DBAE95D}
	EndGlobalSection
EndGlobal
