
Microsoft Visual Studio Solution File, Format Version 12.00
# Visual Studio 15
Project("{FAE04EC0-301F-11D3-BF4B-00C04F79EFBC}") = "FountainLib.iOS", "FountainLib.iOS\FountainLib.iOS.csproj", "{2BC81EAC-A477-4266-B8C7-849CF8D0214B}"
EndProject
Global
	GlobalSection(SolutionConfigurationPlatforms) = preSolution
		Debug|Any CPU = Debug|Any CPU
		Release|Any CPU = Release|Any CPU
	EndGlobalSection
	GlobalSection(ProjectConfigurationPlatforms) = postSolution
		{2BC81EAC-A477-4266-B8C7-849CF8D0214B}.Debug|Any CPU.ActiveCfg = Debug|Any CPU
		{2BC81EAC-A477-4266-B8C7-849CF8D0214B}.Debug|Any CPU.Build.0 = Debug|Any CPU
		{2BC81EAC-A477-4266-B8C7-849CF8D0214B}.Release|Any CPU.ActiveCfg = Release|Any CPU
		{2BC81EAC-A477-4266-B8C7-849CF8D0214B}.Release|Any CPU.Build.0 = Release|Any CPU
	EndGlobalSection
EndGlobal
