PODS:
  - Flutter (1.0.0)
  - fountainview (0.0.1):
    - Flutter

DEPENDENCIES:
  - Flutter (from `.symlinks/flutter/ios`)
  - fountainview (from `.symlinks/plugins/fountainview/ios`)

EXTERNAL SOURCES:
  Flutter:
    :path: ".symlinks/flutter/ios"
  fountainview:
    :path: ".symlinks/plugins/fountainview/ios"

SPEC CHECKSUMS:
  Flutter: 9d0fac939486c9aba2809b7982dfdbb47a7b0296
  fountainview: bd7e0c03686e7b78712633ccb84b7c7a7d3d737b

PODFILE CHECKSUM: aff02bfeed411c636180d6812254b2daeea14d09

COCOAPODS: 1.5.3
